// !$*UTF8*$!
{
	archiveVersion = 1;
	classes = {
	};
	objectVersion = 46;
	objects = {

/* Begin PBXBuildFile section */
		1A88B2641FC3D9C9005C14AE /* Images.xcassets in Resources */ = {isa = PBXBuildFile; fileRef = 1A88B2631FC3D9C9005C14AE /* Images.xcassets */; };
		1AC6FB21180E996B004C840B /* libcocos2d Mac.a in Frameworks */ = {isa = PBXBuildFile; fileRef = 1AC6FAF9180E9839004C840B /* libcocos2d Mac.a */; };
		1AC6FB30180E99EB004C840B /* libcocos2d iOS.a in Frameworks */ = {isa = PBXBuildFile; fileRef = 1AC6FB07180E9839004C840B /* libcocos2d iOS.a */; };
		1AF87B781F6F77F7007BE51C /* AppController.mm in Sources */ = {isa = PBXBuildFile; fileRef = 1AF87B481F6F77D6007BE51C /* AppController.mm */; };
		1AF87B881F6F781D007BE51C /* LaunchScreen.storyboard in Resources */ = {isa = PBXBuildFile; fileRef = 1AF87B591F6F77D6007BE51C /* LaunchScreen.storyboard */; };
		1AF87B891F6F781D007BE51C /* LaunchScreenBackground.png in Resources */ = {isa = PBXBuildFile; fileRef = 1AF87B5A1F6F77D6007BE51C /* LaunchScreenBackground.png */; };
		1AF87B8A1F6F7822007BE51C /* main.m in Sources */ = {isa = PBXBuildFile; fileRef = 1AF87B5B1F6F77D6007BE51C /* main.m */; };
		1AF87B8B1F6F782A007BE51C /* RootViewController.mm in Sources */ = {isa = PBXBuildFile; fileRef = 1AF87B5E1F6F77D6007BE51C /* RootViewController.mm */; };
		1D60589F0D05DD5A006BFB54 /* Foundation.framework in Frameworks */ = {isa = PBXBuildFile; fileRef = 1D30AB110D05D00D00671497 /* Foundation.framework */; };
		288765A50DF7441C002DB57D /* CoreGraphics.framework in Frameworks */ = {isa = PBXBuildFile; fileRef = 288765A40DF7441C002DB57D /* CoreGraphics.framework */; };
		294D0D641D0D56D500F7F5D4 /* CoreText.framework in Frameworks */ = {isa = PBXBuildFile; fileRef = 294D0D631D0D56D500F7F5D4 /* CoreText.framework */; };
		3EACC98F19EE6D4300EB3C5E /* res in Resources */ = {isa = PBXBuildFile; fileRef = 3EACC98E19EE6D4300EB3C5E /* res */; };
		3EACC99019EE6D4300EB3C5E /* res in Resources */ = {isa = PBXBuildFile; fileRef = 3EACC98E19EE6D4300EB3C5E /* res */; };
		46880B7B19C43A67006E1F66 /* CloseNormal.png in Resources */ = {isa = PBXBuildFile; fileRef = 46880B7619C43A67006E1F66 /* CloseNormal.png */; };
		46880B7C19C43A67006E1F66 /* CloseNormal.png in Resources */ = {isa = PBXBuildFile; fileRef = 46880B7619C43A67006E1F66 /* CloseNormal.png */; };
		46880B7D19C43A67006E1F66 /* CloseSelected.png in Resources */ = {isa = PBXBuildFile; fileRef = 46880B7719C43A67006E1F66 /* CloseSelected.png */; };
		46880B7E19C43A67006E1F66 /* CloseSelected.png in Resources */ = {isa = PBXBuildFile; fileRef = 46880B7719C43A67006E1F66 /* CloseSelected.png */; };
		46880B8119C43A67006E1F66 /* HelloWorld.png in Resources */ = {isa = PBXBuildFile; fileRef = 46880B7A19C43A67006E1F66 /* HelloWorld.png */; };
		46880B8219C43A67006E1F66 /* HelloWorld.png in Resources */ = {isa = PBXBuildFile; fileRef = 46880B7A19C43A67006E1F66 /* HelloWorld.png */; };
		46880B8819C43A87006E1F66 /* AppDelegate.cpp in Sources */ = {isa = PBXBuildFile; fileRef = 46880B8419C43A87006E1F66 /* AppDelegate.cpp */; };
		46880B8919C43A87006E1F66 /* AppDelegate.cpp in Sources */ = {isa = PBXBuildFile; fileRef = 46880B8419C43A87006E1F66 /* AppDelegate.cpp */; };
		46880B8A19C43A87006E1F66 /* HelloWorldScene.cpp in Sources */ = {isa = PBXBuildFile; fileRef = 46880B8619C43A87006E1F66 /* HelloWorldScene.cpp */; };
		46880B8B19C43A87006E1F66 /* HelloWorldScene.cpp in Sources */ = {isa = PBXBuildFile; fileRef = 46880B8619C43A87006E1F66 /* HelloWorldScene.cpp */; };
		503AE0F817EB97AB00D1A890 /* Icon.icns in Resources */ = {isa = PBXBuildFile; fileRef = 503AE0F617EB97AB00D1A890 /* Icon.icns */; };
		503AE10517EB98FF00D1A890 /* main.cpp in Sources */ = {isa = PBXBuildFile; fileRef = 503AE10317EB98FF00D1A890 /* main.cpp */; };
		503AE11B17EB9C5A00D1A890 /* IOKit.framework in Frameworks */ = {isa = PBXBuildFile; fileRef = 503AE11A17EB9C5A00D1A890 /* IOKit.framework */; };
		5087E76317EB910900C73F5D /* Foundation.framework in Frameworks */ = {isa = PBXBuildFile; fileRef = 1D30AB110D05D00D00671497 /* Foundation.framework */; };
		5087E76717EB910900C73F5D /* libz.dylib in Frameworks */ = {isa = PBXBuildFile; fileRef = BF170DB412928DE900B8313A /* libz.dylib */; };
		5087E76817EB910900C73F5D /* QuartzCore.framework in Frameworks */ = {isa = PBXBuildFile; fileRef = BF1C47EA1293683800B63C5D /* QuartzCore.framework */; };
		5087E76917EB910900C73F5D /* OpenAL.framework in Frameworks */ = {isa = PBXBuildFile; fileRef = D44C620B132DFF330009C878 /* OpenAL.framework */; };
		5087E76A17EB910900C73F5D /* AVFoundation.framework in Frameworks */ = {isa = PBXBuildFile; fileRef = D44C620D132DFF430009C878 /* AVFoundation.framework */; };
		5087E76B17EB910900C73F5D /* AudioToolbox.framework in Frameworks */ = {isa = PBXBuildFile; fileRef = D44C620F132DFF4E0009C878 /* AudioToolbox.framework */; };
		5087E78917EB974C00C73F5D /* AppKit.framework in Frameworks */ = {isa = PBXBuildFile; fileRef = 5087E78817EB974C00C73F5D /* AppKit.framework */; };
		5087E78B17EB975400C73F5D /* OpenGL.framework in Frameworks */ = {isa = PBXBuildFile; fileRef = 5087E78A17EB975400C73F5D /* OpenGL.framework */; };
		521A8EA919F11F5000D177D7 /* fonts in Resources */ = {isa = PBXBuildFile; fileRef = 521A8EA819F11F5000D177D7 /* fonts */; };
		521A8EAA19F11F5000D177D7 /* fonts in Resources */ = {isa = PBXBuildFile; fileRef = 521A8EA819F11F5000D177D7 /* fonts */; };
		52B47A471A53D09C004E4C60 /* Security.framework in Frameworks */ = {isa = PBXBuildFile; fileRef = 52B47A461A53D09B004E4C60 /* Security.framework */; };
		5440943D20D23855006689FB /* GF_WindowsManager.cpp in Sources */ = {isa = PBXBuildFile; fileRef = 5440943520D23855006689FB /* GF_WindowsManager.cpp */; };
		5440943E20D23855006689FB /* GF_WinUI.cpp in Sources */ = {isa = PBXBuildFile; fileRef = 5440943720D23855006689FB /* GF_WinUI.cpp */; };
		5440943F20D23855006689FB /* QRSprite.cpp in Sources */ = {isa = PBXBuildFile; fileRef = 5440943920D23855006689FB /* QRSprite.cpp */; };
		5440944020D23855006689FB /* WebSprite.cpp in Sources */ = {isa = PBXBuildFile; fileRef = 5440943B20D23855006689FB /* WebSprite.cpp */; };
		5440945320D2385E006689FB /* Network.cc in Sources */ = {isa = PBXBuildFile; fileRef = 5440944220D2385E006689FB /* Network.cc */; };
		5440945420D2385E006689FB /* byyhead.pb.cc in Sources */ = {isa = PBXBuildFile; fileRef = 5440944520D2385E006689FB /* byyhead.pb.cc */; };
		5440945520D2385E006689FB /* byyhead.proto in Resources */ = {isa = PBXBuildFile; fileRef = 5440944720D2385E006689FB /* byyhead.proto */; };
		5440945620D2385E006689FB /* mahjong_msg.pb.cc in Sources */ = {isa = PBXBuildFile; fileRef = 5440944820D2385E006689FB /* mahjong_msg.pb.cc */; };
		5440945720D2385E006689FB /* mahjong_msg.proto in Resources */ = {isa = PBXBuildFile; fileRef = 5440944A20D2385E006689FB /* mahjong_msg.proto */; };
		5440945820D2385E006689FB /* MajiangServer.cpp in Sources */ = {isa = PBXBuildFile; fileRef = 5440944B20D2385E006689FB /* MajiangServer.cpp */; };
		5440945920D2385E006689FB /* protocol.cpp in Sources */ = {isa = PBXBuildFile; fileRef = 5440944D20D2385E006689FB /* protocol.cpp */; };
		5440945A20D2385E006689FB /* readme.txt in Resources */ = {isa = PBXBuildFile; fileRef = 5440944F20D2385E006689FB /* readme.txt */; };
		5440945B20D2385E006689FB /* TcpPbClient.cc in Sources */ = {isa = PBXBuildFile; fileRef = 5440945120D2385E006689FB /* TcpPbClient.cc */; };
		5440947B20D23873006689FB /* TestWin.cpp in Sources */ = {isa = PBXBuildFile; fileRef = 5440945D20D23871006689FB /* TestWin.cpp */; };
		5440947C20D23873006689FB /* GF_RewardTip.cpp in Sources */ = {isa = PBXBuildFile; fileRef = 5440946420D23871006689FB /* GF_RewardTip.cpp */; };
		5440947D20D23873006689FB /* GF_ChannelManager.cpp in Sources */ = {isa = PBXBuildFile; fileRef = 5440946820D23871006689FB /* GF_ChannelManager.cpp */; };
		5440947E20D23873006689FB /* WXView.mm in Sources */ = {isa = PBXBuildFile; fileRef = 5440946F20D23872006689FB /* WXView.mm */; };
		5440947F20D23873006689FB /* base64.c in Sources */ = {isa = PBXBuildFile; fileRef = 5440947120D23872006689FB /* base64.c */; };
		5440948020D23873006689FB /* md5.cc in Sources */ = {isa = PBXBuildFile; fileRef = 5440947320D23872006689FB /* md5.cc */; };
		5440948120D23873006689FB /* string_res.cpp in Sources */ = {isa = PBXBuildFile; fileRef = 5440947720D23872006689FB /* string_res.cpp */; };
		5440948220D23873006689FB /* Utils.cpp in Sources */ = {isa = PBXBuildFile; fileRef = 5440947920D23872006689FB /* Utils.cpp */; };
		5440951520D238B2006689FB /* bitstream.c in Sources */ = {isa = PBXBuildFile; fileRef = 5440949B20D238B2006689FB /* bitstream.c */; };
		5440951620D238B2006689FB /* mask.c in Sources */ = {isa = PBXBuildFile; fileRef = 5440949D20D238B2006689FB /* mask.c */; };
		5440951720D238B2006689FB /* qrencode.c in Sources */ = {isa = PBXBuildFile; fileRef = 5440949F20D238B2006689FB /* qrencode.c */; };
		5440951820D238B2006689FB /* qrinput.c in Sources */ = {isa = PBXBuildFile; fileRef = 544094A120D238B2006689FB /* qrinput.c */; };
		5440951920D238B2006689FB /* qrspec.c in Sources */ = {isa = PBXBuildFile; fileRef = 544094A320D238B2006689FB /* qrspec.c */; };
		5440951A20D238B2006689FB /* rscode.c in Sources */ = {isa = PBXBuildFile; fileRef = 544094A520D238B2006689FB /* rscode.c */; };
		5440951B20D238B2006689FB /* split.c in Sources */ = {isa = PBXBuildFile; fileRef = 544094A720D238B2006689FB /* split.c */; };
		544095A420D239EA006689FB /* descriptor.cc in Sources */ = {isa = PBXBuildFile; fileRef = 5440954420D239EA006689FB /* descriptor.cc */; };
		544095A520D239EA006689FB /* descriptor.pb.cc in Sources */ = {isa = PBXBuildFile; fileRef = 5440954620D239EA006689FB /* descriptor.pb.cc */; };
		544095A620D239EA006689FB /* descriptor.proto in Resources */ = {isa = PBXBuildFile; fileRef = 5440954820D239EA006689FB /* descriptor.proto */; };
		544095A720D239EA006689FB /* descriptor_database.cc in Sources */ = {isa = PBXBuildFile; fileRef = 5440954920D239EA006689FB /* descriptor_database.cc */; };
		544095A820D239EA006689FB /* dynamic_message.cc in Sources */ = {isa = PBXBuildFile; fileRef = 5440954B20D239EA006689FB /* dynamic_message.cc */; };
		544095A920D239EA006689FB /* extension_set.cc in Sources */ = {isa = PBXBuildFile; fileRef = 5440954D20D239EA006689FB /* extension_set.cc */; };
		544095AA20D239EA006689FB /* extension_set_heavy.cc in Sources */ = {isa = PBXBuildFile; fileRef = 5440954F20D239EA006689FB /* extension_set_heavy.cc */; };
		544095AB20D239EA006689FB /* generated_message_reflection.cc in Sources */ = {isa = PBXBuildFile; fileRef = 5440955120D239EA006689FB /* generated_message_reflection.cc */; };
		544095AC20D239EA006689FB /* generated_message_util.cc in Sources */ = {isa = PBXBuildFile; fileRef = 5440955320D239EA006689FB /* generated_message_util.cc */; };
		544095AD20D239EA006689FB /* coded_stream.cc in Sources */ = {isa = PBXBuildFile; fileRef = 5440955620D239EA006689FB /* coded_stream.cc */; };
		544095AE20D239EA006689FB /* gzip_stream.cc in Sources */ = {isa = PBXBuildFile; fileRef = 5440955920D239EA006689FB /* gzip_stream.cc */; };
		544095AF20D239EA006689FB /* printer.cc in Sources */ = {isa = PBXBuildFile; fileRef = 5440955C20D239EA006689FB /* printer.cc */; };
		544095B020D239EA006689FB /* strtod.cc in Sources */ = {isa = PBXBuildFile; fileRef = 5440955E20D239EA006689FB /* strtod.cc */; };
		544095B120D239EA006689FB /* tokenizer.cc in Sources */ = {isa = PBXBuildFile; fileRef = 5440956020D239EA006689FB /* tokenizer.cc */; };
		544095B220D239EA006689FB /* zero_copy_stream.cc in Sources */ = {isa = PBXBuildFile; fileRef = 5440956220D239EA006689FB /* zero_copy_stream.cc */; };
		544095B320D239EA006689FB /* zero_copy_stream_impl.cc in Sources */ = {isa = PBXBuildFile; fileRef = 5440956420D239EA006689FB /* zero_copy_stream_impl.cc */; };
		544095B420D239EA006689FB /* zero_copy_stream_impl_lite.cc in Sources */ = {isa = PBXBuildFile; fileRef = 5440956620D239EA006689FB /* zero_copy_stream_impl_lite.cc */; };
		544095B520D239EA006689FB /* message.cc in Sources */ = {isa = PBXBuildFile; fileRef = 5440956820D239EA006689FB /* message.cc */; };
		544095B620D239EA006689FB /* message_lite.cc in Sources */ = {isa = PBXBuildFile; fileRef = 5440956A20D239EA006689FB /* message_lite.cc */; };
		544095B720D239EA006689FB /* reflection_ops.cc in Sources */ = {isa = PBXBuildFile; fileRef = 5440956D20D239EA006689FB /* reflection_ops.cc */; };
		544095B820D239EA006689FB /* repeated_field.cc in Sources */ = {isa = PBXBuildFile; fileRef = 5440956F20D239EA006689FB /* repeated_field.cc */; };
		544095B920D239EA006689FB /* service.cc in Sources */ = {isa = PBXBuildFile; fileRef = 5440957120D239EA006689FB /* service.cc */; };
		544095BA20D239EA006689FB /* atomicops_internals_x86_gcc.cc in Sources */ = {isa = PBXBuildFile; fileRef = 5440957F20D239EA006689FB /* atomicops_internals_x86_gcc.cc */; };
		544095BB20D239EA006689FB /* atomicops_internals_x86_msvc.cc in Sources */ = {isa = PBXBuildFile; fileRef = 5440958120D239EA006689FB /* atomicops_internals_x86_msvc.cc */; };
		544095BC20D239EA006689FB /* common.cc in Sources */ = {isa = PBXBuildFile; fileRef = 5440958320D239EA006689FB /* common.cc */; };
		544095BD20D239EA006689FB /* once.cc in Sources */ = {isa = PBXBuildFile; fileRef = 5440958720D239EA006689FB /* once.cc */; };
		544095BE20D239EA006689FB /* stringprintf.cc in Sources */ = {isa = PBXBuildFile; fileRef = 5440958C20D239EA006689FB /* stringprintf.cc */; };
		544095BF20D239EA006689FB /* structurally_valid.cc in Sources */ = {isa = PBXBuildFile; fileRef = 5440958E20D239EA006689FB /* structurally_valid.cc */; };
		544095C020D239EA006689FB /* strutil.cc in Sources */ = {isa = PBXBuildFile; fileRef = 5440958F20D239EA006689FB /* strutil.cc */; };
		544095C120D239EA006689FB /* substitute.cc in Sources */ = {isa = PBXBuildFile; fileRef = 5440959120D239EA006689FB /* substitute.cc */; };
		544095C220D239EA006689FB /* file.cc in Sources */ = {isa = PBXBuildFile; fileRef = 5440959720D239EA006689FB /* file.cc */; };
		544095C320D239EA006689FB /* googletest.cc in Sources */ = {isa = PBXBuildFile; fileRef = 5440959920D239EA006689FB /* googletest.cc */; };
		544095C420D239EA006689FB /* text_format.cc in Sources */ = {isa = PBXBuildFile; fileRef = 5440959B20D239EA006689FB /* text_format.cc */; };
		544095C520D239EA006689FB /* unknown_field_set.cc in Sources */ = {isa = PBXBuildFile; fileRef = 5440959D20D239EA006689FB /* unknown_field_set.cc */; };
		544095C620D239EA006689FB /* wire_format.cc in Sources */ = {isa = PBXBuildFile; fileRef = 5440959F20D239EA006689FB /* wire_format.cc */; };
		544095C720D239EA006689FB /* wire_format_lite.cc in Sources */ = {isa = PBXBuildFile; fileRef = 544095A120D239EA006689FB /* wire_format_lite.cc */; };
		544095D520D23D0B006689FB /* libWeChatSDK.a in Frameworks */ = {isa = PBXBuildFile; fileRef = 544095C920D23D0A006689FB /* libWeChatSDK.a */; };
		544095D620D23D0B006689FB /* README.txt in Resources */ = {isa = PBXBuildFile; fileRef = 544095CA20D23D0A006689FB /* README.txt */; };
		544095D720D23D0B006689FB /* WXApiManager.m in Sources */ = {isa = PBXBuildFile; fileRef = 544095D020D23D0A006689FB /* WXApiManager.m */; };
		544095D820D23D0B006689FB /* WXApiRequestHandler.m in Sources */ = {isa = PBXBuildFile; fileRef = 544095D220D23D0A006689FB /* WXApiRequestHandler.m */; };
		544095D920D23D0B006689FB /* WXApiResponseHandler.m in Sources */ = {isa = PBXBuildFile; fileRef = 544095D420D23D0A006689FB /* WXApiResponseHandler.m */; };
		544095DD20D2424D006689FB /* SystemConfiguration.framework in Frameworks */ = {isa = PBXBuildFile; fileRef = 544095DC20D2424C006689FB /* SystemConfiguration.framework */; };
		544095DF20D2426F006689FB /* CoreTelephony.framework in Frameworks */ = {isa = PBXBuildFile; fileRef = 544095DE20D2426E006689FB /* CoreTelephony.framework */; };
		544095E120D2428B006689FB /* CFNetwork.framework in Frameworks */ = {isa = PBXBuildFile; fileRef = 544095E020D2428A006689FB /* CFNetwork.framework */; };
		544095E320D242A0006689FB /* OpenGLES.framework in Frameworks */ = {isa = PBXBuildFile; fileRef = 544095E220D2429F006689FB /* OpenGLES.framework */; };
		544095E520D242B6006689FB /* UIKit.framework in Frameworks */ = {isa = PBXBuildFile; fileRef = 544095E420D242B6006689FB /* UIKit.framework */; };
		544095E720D242CD006689FB /* Security.framework in Frameworks */ = {isa = PBXBuildFile; fileRef = 544095E620D242CD006689FB /* Security.framework */; };
		544095E920D243B2006689FB /* libsqlite3.0.tbd in Frameworks */ = {isa = PBXBuildFile; fileRef = 544095E820D243B2006689FB /* libsqlite3.0.tbd */; };
		544095EB20D24473006689FB /* Res1280_720 in Resources */ = {isa = PBXBuildFile; fileRef = 544095EA20D24472006689FB /* Res1280_720 */; };
		8262943E1AAF051F00CB7CF7 /* Security.framework in Frameworks */ = {isa = PBXBuildFile; fileRef = 8262943D1AAF051F00CB7CF7 /* Security.framework */; };
		BF1712471292920000B8313A /* libz.dylib in Frameworks */ = {isa = PBXBuildFile; fileRef = BF170DB412928DE900B8313A /* libz.dylib */; };
		BF1C47F01293687400B63C5D /* QuartzCore.framework in Frameworks */ = {isa = PBXBuildFile; fileRef = BF1C47EA1293683800B63C5D /* QuartzCore.framework */; };
		D44C620C132DFF330009C878 /* OpenAL.framework in Frameworks */ = {isa = PBXBuildFile; fileRef = D44C620B132DFF330009C878 /* OpenAL.framework */; };
		D44C620E132DFF430009C878 /* AVFoundation.framework in Frameworks */ = {isa = PBXBuildFile; fileRef = D44C620D132DFF430009C878 /* AVFoundation.framework */; };
		D44C6210132DFF4E0009C878 /* AudioToolbox.framework in Frameworks */ = {isa = PBXBuildFile; fileRef = D44C620F132DFF4E0009C878 /* AudioToolbox.framework */; };
		D6B0611B1803AB670077942B /* CoreMotion.framework in Frameworks */ = {isa = PBXBuildFile; fileRef = D6B0611A1803AB670077942B /* CoreMotion.framework */; };
		ED545A7C1B68A1F400C3958E /* libiconv.dylib in Frameworks */ = {isa = PBXBuildFile; fileRef = ED545A7B1B68A1F400C3958E /* libiconv.dylib */; };
		ED545A7E1B68A1FA00C3958E /* libiconv.dylib in Frameworks */ = {isa = PBXBuildFile; fileRef = ED545A7D1B68A1FA00C3958E /* libiconv.dylib */; };
/* End PBXBuildFile section */

/* Begin PBXContainerItemProxy section */
		1A7533E21F6F75F6007E8E6F /* PBXContainerItemProxy */ = {
			isa = PBXContainerItemProxy;
			containerPortal = 1AC6FAE5180E9839004C840B /* cocos2d_libs.xcodeproj */;
			proxyType = 2;
			remoteGlobalIDString = 507B40FD1C31BDD30067B53E;
			remoteInfo = "libcocos2d tvOS";
		};
		1AC6FAF8180E9839004C840B /* PBXContainerItemProxy */ = {
			isa = PBXContainerItemProxy;
			containerPortal = 1AC6FAE5180E9839004C840B /* cocos2d_libs.xcodeproj */;
			proxyType = 2;
			remoteGlobalIDString = 1551A33F158F2AB200E66CFE;
			remoteInfo = "cocos2dx Mac";
		};
		1AC6FB06180E9839004C840B /* PBXContainerItemProxy */ = {
			isa = PBXContainerItemProxy;
			containerPortal = 1AC6FAE5180E9839004C840B /* cocos2d_libs.xcodeproj */;
			proxyType = 2;
			remoteGlobalIDString = A07A4D641783777C0073F6A7;
			remoteInfo = "cocos2dx iOS";
		};
		1AC6FB15180E9959004C840B /* PBXContainerItemProxy */ = {
			isa = PBXContainerItemProxy;
			containerPortal = 1AC6FAE5180E9839004C840B /* cocos2d_libs.xcodeproj */;
			proxyType = 1;
			remoteGlobalIDString = 1551A33E158F2AB200E66CFE;
			remoteInfo = "cocos2dx Mac";
		};
		1AC6FB24180E99E1004C840B /* PBXContainerItemProxy */ = {
			isa = PBXContainerItemProxy;
			containerPortal = 1AC6FAE5180E9839004C840B /* cocos2d_libs.xcodeproj */;
			proxyType = 1;
			remoteGlobalIDString = A07A4C241783777C0073F6A7;
			remoteInfo = "cocos2dx iOS";
		};
/* End PBXContainerItemProxy section */

/* Begin PBXFileReference section */
		1A88B2631FC3D9C9005C14AE /* Images.xcassets */ = {isa = PBXFileReference; lastKnownFileType = folder.assetcatalog; path = Images.xcassets; sourceTree = "<group>"; };
		1AC6FAE5180E9839004C840B /* cocos2d_libs.xcodeproj */ = {isa = PBXFileReference; lastKnownFileType = "wrapper.pb-project"; name = cocos2d_libs.xcodeproj; path = ../cocos2d/build/cocos2d_libs.xcodeproj; sourceTree = "<group>"; };
		1ACB3243164770DE00914215 /* libcurl.a */ = {isa = PBXFileReference; lastKnownFileType = archive.ar; name = libcurl.a; path = ../../cocos2dx/platform/third_party/ios/libraries/libcurl.a; sourceTree = "<group>"; };
		1AF87B471F6F77D6007BE51C /* AppController.h */ = {isa = PBXFileReference; lastKnownFileType = sourcecode.c.h; path = AppController.h; sourceTree = "<group>"; };
		1AF87B481F6F77D6007BE51C /* AppController.mm */ = {isa = PBXFileReference; lastKnownFileType = sourcecode.cpp.objcpp; path = AppController.mm; sourceTree = "<group>"; };
		1AF87B581F6F77D6007BE51C /* Info.plist */ = {isa = PBXFileReference; lastKnownFileType = text.plist.xml; path = Info.plist; sourceTree = "<group>"; };
		1AF87B591F6F77D6007BE51C /* LaunchScreen.storyboard */ = {isa = PBXFileReference; lastKnownFileType = file.storyboard; path = LaunchScreen.storyboard; sourceTree = "<group>"; };
		1AF87B5A1F6F77D6007BE51C /* LaunchScreenBackground.png */ = {isa = PBXFileReference; lastKnownFileType = image.png; path = LaunchScreenBackground.png; sourceTree = "<group>"; };
		1AF87B5B1F6F77D6007BE51C /* main.m */ = {isa = PBXFileReference; lastKnownFileType = sourcecode.c.objc; path = main.m; sourceTree = "<group>"; };
		1AF87B5C1F6F77D6007BE51C /* Prefix.pch */ = {isa = PBXFileReference; lastKnownFileType = sourcecode.c.h; path = Prefix.pch; sourceTree = "<group>"; };
		1AF87B5D1F6F77D6007BE51C /* RootViewController.h */ = {isa = PBXFileReference; lastKnownFileType = sourcecode.c.h; path = RootViewController.h; sourceTree = "<group>"; };
		1AF87B5E1F6F77D6007BE51C /* RootViewController.mm */ = {isa = PBXFileReference; lastKnownFileType = sourcecode.cpp.objcpp; path = RootViewController.mm; sourceTree = "<group>"; };
		1D30AB110D05D00D00671497 /* Foundation.framework */ = {isa = PBXFileReference; lastKnownFileType = wrapper.framework; name = Foundation.framework; path = System/Library/Frameworks/Foundation.framework; sourceTree = SDKROOT; };
		1D6058910D05DD3D006BFB54 /* TestGame-mobile.app */ = {isa = PBXFileReference; explicitFileType = wrapper.application; includeInIndex = 0; path = "TestGame-mobile.app"; sourceTree = BUILT_PRODUCTS_DIR; };
		288765A40DF7441C002DB57D /* CoreGraphics.framework */ = {isa = PBXFileReference; lastKnownFileType = wrapper.framework; name = CoreGraphics.framework; path = System/Library/Frameworks/CoreGraphics.framework; sourceTree = SDKROOT; };
		294D0D631D0D56D500F7F5D4 /* CoreText.framework */ = {isa = PBXFileReference; lastKnownFileType = wrapper.framework; name = CoreText.framework; path = Platforms/iPhoneOS.platform/Developer/SDKs/iPhoneOS.sdk/System/Library/Frameworks/CoreText.framework; sourceTree = DEVELOPER_DIR; };
		3EACC98E19EE6D4300EB3C5E /* res */ = {isa = PBXFileReference; lastKnownFileType = folder; path = res; sourceTree = "<group>"; };
		46880B7619C43A67006E1F66 /* CloseNormal.png */ = {isa = PBXFileReference; lastKnownFileType = image.png; path = CloseNormal.png; sourceTree = "<group>"; };
		46880B7719C43A67006E1F66 /* CloseSelected.png */ = {isa = PBXFileReference; lastKnownFileType = image.png; path = CloseSelected.png; sourceTree = "<group>"; };
		46880B7A19C43A67006E1F66 /* HelloWorld.png */ = {isa = PBXFileReference; lastKnownFileType = image.png; path = HelloWorld.png; sourceTree = "<group>"; };
		46880B8419C43A87006E1F66 /* AppDelegate.cpp */ = {isa = PBXFileReference; fileEncoding = 4; lastKnownFileType = sourcecode.cpp.cpp; path = AppDelegate.cpp; sourceTree = "<group>"; };
		46880B8519C43A87006E1F66 /* AppDelegate.h */ = {isa = PBXFileReference; fileEncoding = 4; lastKnownFileType = sourcecode.c.h; path = AppDelegate.h; sourceTree = "<group>"; };
		46880B8619C43A87006E1F66 /* HelloWorldScene.cpp */ = {isa = PBXFileReference; fileEncoding = 4; lastKnownFileType = sourcecode.cpp.cpp; path = HelloWorldScene.cpp; sourceTree = "<group>"; };
		46880B8719C43A87006E1F66 /* HelloWorldScene.h */ = {isa = PBXFileReference; fileEncoding = 4; lastKnownFileType = sourcecode.c.h; path = HelloWorldScene.h; sourceTree = "<group>"; };
		503AE0F617EB97AB00D1A890 /* Icon.icns */ = {isa = PBXFileReference; lastKnownFileType = image.icns; path = Icon.icns; sourceTree = "<group>"; };
		503AE0F717EB97AB00D1A890 /* Info.plist */ = {isa = PBXFileReference; fileEncoding = 4; lastKnownFileType = text.plist.xml; path = Info.plist; sourceTree = "<group>"; };
		503AE10317EB98FF00D1A890 /* main.cpp */ = {isa = PBXFileReference; fileEncoding = 4; lastKnownFileType = sourcecode.cpp.cpp; name = main.cpp; path = mac/main.cpp; sourceTree = "<group>"; };
		503AE10417EB98FF00D1A890 /* Prefix.pch */ = {isa = PBXFileReference; fileEncoding = 4; lastKnownFileType = sourcecode.c.h; name = Prefix.pch; path = mac/Prefix.pch; sourceTree = "<group>"; };
		503AE11117EB99EE00D1A890 /* libcurl.dylib */ = {isa = PBXFileReference; lastKnownFileType = "compiled.mach-o.dylib"; name = libcurl.dylib; path = usr/lib/libcurl.dylib; sourceTree = SDKROOT; };
		503AE11A17EB9C5A00D1A890 /* IOKit.framework */ = {isa = PBXFileReference; lastKnownFileType = wrapper.framework; name = IOKit.framework; path = System/Library/Frameworks/IOKit.framework; sourceTree = SDKROOT; };
		5087E76F17EB910900C73F5D /* TestGame-desktop.app */ = {isa = PBXFileReference; explicitFileType = wrapper.application; includeInIndex = 0; path = "TestGame-desktop.app"; sourceTree = BUILT_PRODUCTS_DIR; };
		5087E78817EB974C00C73F5D /* AppKit.framework */ = {isa = PBXFileReference; lastKnownFileType = wrapper.framework; name = AppKit.framework; path = System/Library/Frameworks/AppKit.framework; sourceTree = SDKROOT; };
		5087E78A17EB975400C73F5D /* OpenGL.framework */ = {isa = PBXFileReference; lastKnownFileType = wrapper.framework; name = OpenGL.framework; path = System/Library/Frameworks/OpenGL.framework; sourceTree = SDKROOT; };
		521A8EA819F11F5000D177D7 /* fonts */ = {isa = PBXFileReference; lastKnownFileType = folder; path = fonts; sourceTree = "<group>"; };
		52B47A461A53D09B004E4C60 /* Security.framework */ = {isa = PBXFileReference; lastKnownFileType = wrapper.framework; name = Security.framework; path = Platforms/iPhoneOS.platform/Developer/SDKs/iPhoneOS.sdk/System/Library/Frameworks/Security.framework; sourceTree = DEVELOPER_DIR; };
		5440943520D23855006689FB /* GF_WindowsManager.cpp */ = {isa = PBXFileReference; fileEncoding = 4; lastKnownFileType = sourcecode.cpp.cpp; path = GF_WindowsManager.cpp; sourceTree = "<group>"; };
		5440943620D23855006689FB /* GF_WindowsManager.h */ = {isa = PBXFileReference; fileEncoding = 4; lastKnownFileType = sourcecode.c.h; path = GF_WindowsManager.h; sourceTree = "<group>"; };
		5440943720D23855006689FB /* GF_WinUI.cpp */ = {isa = PBXFileReference; fileEncoding = 4; lastKnownFileType = sourcecode.cpp.cpp; path = GF_WinUI.cpp; sourceTree = "<group>"; };
		5440943820D23855006689FB /* GF_WinUI.h */ = {isa = PBXFileReference; fileEncoding = 4; lastKnownFileType = sourcecode.c.h; path = GF_WinUI.h; sourceTree = "<group>"; };
		5440943920D23855006689FB /* QRSprite.cpp */ = {isa = PBXFileReference; fileEncoding = 4; lastKnownFileType = sourcecode.cpp.cpp; path = QRSprite.cpp; sourceTree = "<group>"; };
		5440943A20D23855006689FB /* QRSprite.h */ = {isa = PBXFileReference; fileEncoding = 4; lastKnownFileType = sourcecode.c.h; path = QRSprite.h; sourceTree = "<group>"; };
		5440943B20D23855006689FB /* WebSprite.cpp */ = {isa = PBXFileReference; fileEncoding = 4; lastKnownFileType = sourcecode.cpp.cpp; path = WebSprite.cpp; sourceTree = "<group>"; };
		5440943C20D23855006689FB /* WebSprite.h */ = {isa = PBXFileReference; fileEncoding = 4; lastKnownFileType = sourcecode.c.h; path = WebSprite.h; sourceTree = "<group>"; };
		5440944220D2385E006689FB /* Network.cc */ = {isa = PBXFileReference; fileEncoding = 4; lastKnownFileType = sourcecode.cpp.cpp; path = Network.cc; sourceTree = "<group>"; };
		5440944320D2385E006689FB /* Network.h */ = {isa = PBXFileReference; fileEncoding = 4; lastKnownFileType = sourcecode.c.h; path = Network.h; sourceTree = "<group>"; };
		5440944520D2385E006689FB /* byyhead.pb.cc */ = {isa = PBXFileReference; fileEncoding = 4; lastKnownFileType = sourcecode.cpp.cpp; path = byyhead.pb.cc; sourceTree = "<group>"; };
		5440944620D2385E006689FB /* byyhead.pb.h */ = {isa = PBXFileReference; fileEncoding = 4; lastKnownFileType = sourcecode.c.h; path = byyhead.pb.h; sourceTree = "<group>"; };
		5440944720D2385E006689FB /* byyhead.proto */ = {isa = PBXFileReference; fileEncoding = 4; lastKnownFileType = text; path = byyhead.proto; sourceTree = "<group>"; };
		5440944820D2385E006689FB /* mahjong_msg.pb.cc */ = {isa = PBXFileReference; fileEncoding = 4; lastKnownFileType = sourcecode.cpp.cpp; path = mahjong_msg.pb.cc; sourceTree = "<group>"; };
		5440944920D2385E006689FB /* mahjong_msg.pb.h */ = {isa = PBXFileReference; fileEncoding = 4; lastKnownFileType = sourcecode.c.h; path = mahjong_msg.pb.h; sourceTree = "<group>"; };
		5440944A20D2385E006689FB /* mahjong_msg.proto */ = {isa = PBXFileReference; fileEncoding = 4; lastKnownFileType = text; path = mahjong_msg.proto; sourceTree = "<group>"; };
		5440944B20D2385E006689FB /* MajiangServer.cpp */ = {isa = PBXFileReference; fileEncoding = 4; lastKnownFileType = sourcecode.cpp.cpp; path = MajiangServer.cpp; sourceTree = "<group>"; };
		5440944C20D2385E006689FB /* MajiangServer.h */ = {isa = PBXFileReference; fileEncoding = 4; lastKnownFileType = sourcecode.c.h; path = MajiangServer.h; sourceTree = "<group>"; };
		5440944D20D2385E006689FB /* protocol.cpp */ = {isa = PBXFileReference; fileEncoding = 4; lastKnownFileType = sourcecode.cpp.cpp; path = protocol.cpp; sourceTree = "<group>"; };
		5440944E20D2385E006689FB /* protocol.h */ = {isa = PBXFileReference; fileEncoding = 4; lastKnownFileType = sourcecode.c.h; path = protocol.h; sourceTree = "<group>"; };
		5440944F20D2385E006689FB /* readme.txt */ = {isa = PBXFileReference; fileEncoding = 4; lastKnownFileType = text; path = readme.txt; sourceTree = "<group>"; };
		5440945020D2385E006689FB /* Queue.h */ = {isa = PBXFileReference; fileEncoding = 4; lastKnownFileType = sourcecode.c.h; path = Queue.h; sourceTree = "<group>"; };
		5440945120D2385E006689FB /* TcpPbClient.cc */ = {isa = PBXFileReference; fileEncoding = 4; lastKnownFileType = sourcecode.cpp.cpp; path = TcpPbClient.cc; sourceTree = "<group>"; };
		5440945220D2385E006689FB /* TcpPbClient.h */ = {isa = PBXFileReference; fileEncoding = 4; lastKnownFileType = sourcecode.c.h; path = TcpPbClient.h; sourceTree = "<group>"; };
		5440945C20D23870006689FB /* TestWin.h */ = {isa = PBXFileReference; fileEncoding = 4; lastKnownFileType = sourcecode.c.h; path = TestWin.h; sourceTree = "<group>"; };
		5440945D20D23871006689FB /* TestWin.cpp */ = {isa = PBXFileReference; fileEncoding = 4; lastKnownFileType = sourcecode.cpp.cpp; path = TestWin.cpp; sourceTree = "<group>"; };
		5440946420D23871006689FB /* GF_RewardTip.cpp */ = {isa = PBXFileReference; fileEncoding = 4; lastKnownFileType = sourcecode.cpp.cpp; path = GF_RewardTip.cpp; sourceTree = "<group>"; };
		5440946520D23871006689FB /* GF_RewardTip.h */ = {isa = PBXFileReference; fileEncoding = 4; lastKnownFileType = sourcecode.c.h; path = GF_RewardTip.h; sourceTree = "<group>"; };
		5440946820D23871006689FB /* GF_ChannelManager.cpp */ = {isa = PBXFileReference; fileEncoding = 4; lastKnownFileType = sourcecode.cpp.cpp; path = GF_ChannelManager.cpp; sourceTree = "<group>"; };
		5440946920D23872006689FB /* GF_ChannelManager.h */ = {isa = PBXFileReference; fileEncoding = 4; lastKnownFileType = sourcecode.c.h; path = GF_ChannelManager.h; sourceTree = "<group>"; };
		5440946A20D23872006689FB /* GF_GlobalDefine.h */ = {isa = PBXFileReference; fileEncoding = 4; lastKnownFileType = sourcecode.c.h; path = GF_GlobalDefine.h; sourceTree = "<group>"; };
		5440946E20D23872006689FB /* WXView.h */ = {isa = PBXFileReference; fileEncoding = 4; lastKnownFileType = sourcecode.c.h; path = WXView.h; sourceTree = "<group>"; };
		5440946F20D23872006689FB /* WXView.mm */ = {isa = PBXFileReference; fileEncoding = 4; lastKnownFileType = sourcecode.cpp.objcpp; path = WXView.mm; sourceTree = "<group>"; };
		5440947120D23872006689FB /* base64.c */ = {isa = PBXFileReference; fileEncoding = 4; lastKnownFileType = sourcecode.c.c; path = base64.c; sourceTree = "<group>"; };
		5440947220D23872006689FB /* base64.h */ = {isa = PBXFileReference; fileEncoding = 4; lastKnownFileType = sourcecode.c.h; path = base64.h; sourceTree = "<group>"; };
		5440947320D23872006689FB /* md5.cc */ = {isa = PBXFileReference; fileEncoding = 4; lastKnownFileType = sourcecode.cpp.cpp; path = md5.cc; sourceTree = "<group>"; };
		5440947420D23872006689FB /* md5.h */ = {isa = PBXFileReference; fileEncoding = 4; lastKnownFileType = sourcecode.c.h; path = md5.h; sourceTree = "<group>"; };
		5440947520D23872006689FB /* MyOperator.h */ = {isa = PBXFileReference; fileEncoding = 4; lastKnownFileType = sourcecode.c.h; path = MyOperator.h; sourceTree = "<group>"; };
		5440947620D23872006689FB /* Singleton.h */ = {isa = PBXFileReference; fileEncoding = 4; lastKnownFileType = sourcecode.c.h; path = Singleton.h; sourceTree = "<group>"; };
		5440947720D23872006689FB /* string_res.cpp */ = {isa = PBXFileReference; fileEncoding = 4; lastKnownFileType = sourcecode.cpp.cpp; path = string_res.cpp; sourceTree = "<group>"; };
		5440947820D23872006689FB /* string_res.h */ = {isa = PBXFileReference; fileEncoding = 4; lastKnownFileType = sourcecode.c.h; path = string_res.h; sourceTree = "<group>"; };
		5440947920D23872006689FB /* Utils.cpp */ = {isa = PBXFileReference; fileEncoding = 4; lastKnownFileType = sourcecode.cpp.cpp; path = Utils.cpp; sourceTree = "<group>"; };
		5440947A20D23872006689FB /* Utils.h */ = {isa = PBXFileReference; fileEncoding = 4; lastKnownFileType = sourcecode.c.h; path = Utils.h; sourceTree = "<group>"; };
		5440949B20D238B2006689FB /* bitstream.c */ = {isa = PBXFileReference; fileEncoding = 4; lastKnownFileType = sourcecode.c.c; path = bitstream.c; sourceTree = "<group>"; };
		5440949C20D238B2006689FB /* bitstream.h */ = {isa = PBXFileReference; fileEncoding = 4; lastKnownFileType = sourcecode.c.h; path = bitstream.h; sourceTree = "<group>"; };
		5440949D20D238B2006689FB /* mask.c */ = {isa = PBXFileReference; fileEncoding = 4; lastKnownFileType = sourcecode.c.c; path = mask.c; sourceTree = "<group>"; };
		5440949E20D238B2006689FB /* mask.h */ = {isa = PBXFileReference; fileEncoding = 4; lastKnownFileType = sourcecode.c.h; path = mask.h; sourceTree = "<group>"; };
		5440949F20D238B2006689FB /* qrencode.c */ = {isa = PBXFileReference; fileEncoding = 4; lastKnownFileType = sourcecode.c.c; path = qrencode.c; sourceTree = "<group>"; };
		544094A020D238B2006689FB /* qrencode.h */ = {isa = PBXFileReference; fileEncoding = 4; lastKnownFileType = sourcecode.c.h; path = qrencode.h; sourceTree = "<group>"; };
		544094A120D238B2006689FB /* qrinput.c */ = {isa = PBXFileReference; fileEncoding = 4; lastKnownFileType = sourcecode.c.c; path = qrinput.c; sourceTree = "<group>"; };
		544094A220D238B2006689FB /* qrinput.h */ = {isa = PBXFileReference; fileEncoding = 4; lastKnownFileType = sourcecode.c.h; path = qrinput.h; sourceTree = "<group>"; };
		544094A320D238B2006689FB /* qrspec.c */ = {isa = PBXFileReference; fileEncoding = 4; lastKnownFileType = sourcecode.c.c; path = qrspec.c; sourceTree = "<group>"; };
		544094A420D238B2006689FB /* qrspec.h */ = {isa = PBXFileReference; fileEncoding = 4; lastKnownFileType = sourcecode.c.h; path = qrspec.h; sourceTree = "<group>"; };
		544094A520D238B2006689FB /* rscode.c */ = {isa = PBXFileReference; fileEncoding = 4; lastKnownFileType = sourcecode.c.c; path = rscode.c; sourceTree = "<group>"; };
		544094A620D238B2006689FB /* rscode.h */ = {isa = PBXFileReference; fileEncoding = 4; lastKnownFileType = sourcecode.c.h; path = rscode.h; sourceTree = "<group>"; };
		544094A720D238B2006689FB /* split.c */ = {isa = PBXFileReference; fileEncoding = 4; lastKnownFileType = sourcecode.c.c; path = split.c; sourceTree = "<group>"; };
		544094A820D238B2006689FB /* split.h */ = {isa = PBXFileReference; fileEncoding = 4; lastKnownFileType = sourcecode.c.h; path = split.h; sourceTree = "<group>"; };
		5440954120D239EA006689FB /* config.h */ = {isa = PBXFileReference; fileEncoding = 4; lastKnownFileType = sourcecode.c.h; path = config.h; sourceTree = "<group>"; };
		5440954420D239EA006689FB /* descriptor.cc */ = {isa = PBXFileReference; fileEncoding = 4; lastKnownFileType = sourcecode.cpp.cpp; path = descriptor.cc; sourceTree = "<group>"; };
		5440954520D239EA006689FB /* descriptor.h */ = {isa = PBXFileReference; fileEncoding = 4; lastKnownFileType = sourcecode.c.h; path = descriptor.h; sourceTree = "<group>"; };
		5440954620D239EA006689FB /* descriptor.pb.cc */ = {isa = PBXFileReference; fileEncoding = 4; lastKnownFileType = sourcecode.cpp.cpp; path = descriptor.pb.cc; sourceTree = "<group>"; };
		5440954720D239EA006689FB /* descriptor.pb.h */ = {isa = PBXFileReference; fileEncoding = 4; lastKnownFileType = sourcecode.c.h; path = descriptor.pb.h; sourceTree = "<group>"; };
		5440954820D239EA006689FB /* descriptor.proto */ = {isa = PBXFileReference; fileEncoding = 4; lastKnownFileType = text; path = descriptor.proto; sourceTree = "<group>"; };
		5440954920D239EA006689FB /* descriptor_database.cc */ = {isa = PBXFileReference; fileEncoding = 4; lastKnownFileType = sourcecode.cpp.cpp; path = descriptor_database.cc; sourceTree = "<group>"; };
		5440954A20D239EA006689FB /* descriptor_database.h */ = {isa = PBXFileReference; fileEncoding = 4; lastKnownFileType = sourcecode.c.h; path = descriptor_database.h; sourceTree = "<group>"; };
		5440954B20D239EA006689FB /* dynamic_message.cc */ = {isa = PBXFileReference; fileEncoding = 4; lastKnownFileType = sourcecode.cpp.cpp; path = dynamic_message.cc; sourceTree = "<group>"; };
		5440954C20D239EA006689FB /* dynamic_message.h */ = {isa = PBXFileReference; fileEncoding = 4; lastKnownFileType = sourcecode.c.h; path = dynamic_message.h; sourceTree = "<group>"; };
		5440954D20D239EA006689FB /* extension_set.cc */ = {isa = PBXFileReference; fileEncoding = 4; lastKnownFileType = sourcecode.cpp.cpp; path = extension_set.cc; sourceTree = "<group>"; };
		5440954E20D239EA006689FB /* extension_set.h */ = {isa = PBXFileReference; fileEncoding = 4; lastKnownFileType = sourcecode.c.h; path = extension_set.h; sourceTree = "<group>"; };
		5440954F20D239EA006689FB /* extension_set_heavy.cc */ = {isa = PBXFileReference; fileEncoding = 4; lastKnownFileType = sourcecode.cpp.cpp; path = extension_set_heavy.cc; sourceTree = "<group>"; };
		5440955020D239EA006689FB /* generated_enum_reflection.h */ = {isa = PBXFileReference; fileEncoding = 4; lastKnownFileType = sourcecode.c.h; path = generated_enum_reflection.h; sourceTree = "<group>"; };
		5440955120D239EA006689FB /* generated_message_reflection.cc */ = {isa = PBXFileReference; fileEncoding = 4; lastKnownFileType = sourcecode.cpp.cpp; path = generated_message_reflection.cc; sourceTree = "<group>"; };
		5440955220D239EA006689FB /* generated_message_reflection.h */ = {isa = PBXFileReference; fileEncoding = 4; lastKnownFileType = sourcecode.c.h; path = generated_message_reflection.h; sourceTree = "<group>"; };
		5440955320D239EA006689FB /* generated_message_util.cc */ = {isa = PBXFileReference; fileEncoding = 4; lastKnownFileType = sourcecode.cpp.cpp; path = generated_message_util.cc; sourceTree = "<group>"; };
		5440955420D239EA006689FB /* generated_message_util.h */ = {isa = PBXFileReference; fileEncoding = 4; lastKnownFileType = sourcecode.c.h; path = generated_message_util.h; sourceTree = "<group>"; };
		5440955620D239EA006689FB /* coded_stream.cc */ = {isa = PBXFileReference; fileEncoding = 4; lastKnownFileType = sourcecode.cpp.cpp; path = coded_stream.cc; sourceTree = "<group>"; };
		5440955720D239EA006689FB /* coded_stream.h */ = {isa = PBXFileReference; fileEncoding = 4; lastKnownFileType = sourcecode.c.h; path = coded_stream.h; sourceTree = "<group>"; };
		5440955820D239EA006689FB /* coded_stream_inl.h */ = {isa = PBXFileReference; fileEncoding = 4; lastKnownFileType = sourcecode.c.h; path = coded_stream_inl.h; sourceTree = "<group>"; };
		5440955920D239EA006689FB /* gzip_stream.cc */ = {isa = PBXFileReference; fileEncoding = 4; lastKnownFileType = sourcecode.cpp.cpp; path = gzip_stream.cc; sourceTree = "<group>"; };
		5440955A20D239EA006689FB /* gzip_stream.h */ = {isa = PBXFileReference; fileEncoding = 4; lastKnownFileType = sourcecode.c.h; path = gzip_stream.h; sourceTree = "<group>"; };
		5440955B20D239EA006689FB /* package_info.h */ = {isa = PBXFileReference; fileEncoding = 4; lastKnownFileType = sourcecode.c.h; path = package_info.h; sourceTree = "<group>"; };
		5440955C20D239EA006689FB /* printer.cc */ = {isa = PBXFileReference; fileEncoding = 4; lastKnownFileType = sourcecode.cpp.cpp; path = printer.cc; sourceTree = "<group>"; };
		5440955D20D239EA006689FB /* printer.h */ = {isa = PBXFileReference; fileEncoding = 4; lastKnownFileType = sourcecode.c.h; path = printer.h; sourceTree = "<group>"; };
		5440955E20D239EA006689FB /* strtod.cc */ = {isa = PBXFileReference; fileEncoding = 4; lastKnownFileType = sourcecode.cpp.cpp; path = strtod.cc; sourceTree = "<group>"; };
		5440955F20D239EA006689FB /* strtod.h */ = {isa = PBXFileReference; fileEncoding = 4; lastKnownFileType = sourcecode.c.h; path = strtod.h; sourceTree = "<group>"; };
		5440956020D239EA006689FB /* tokenizer.cc */ = {isa = PBXFileReference; fileEncoding = 4; lastKnownFileType = sourcecode.cpp.cpp; path = tokenizer.cc; sourceTree = "<group>"; };
		5440956120D239EA006689FB /* tokenizer.h */ = {isa = PBXFileReference; fileEncoding = 4; lastKnownFileType = sourcecode.c.h; path = tokenizer.h; sourceTree = "<group>"; };
		5440956220D239EA006689FB /* zero_copy_stream.cc */ = {isa = PBXFileReference; fileEncoding = 4; lastKnownFileType = sourcecode.cpp.cpp; path = zero_copy_stream.cc; sourceTree = "<group>"; };
		5440956320D239EA006689FB /* zero_copy_stream.h */ = {isa = PBXFileReference; fileEncoding = 4; lastKnownFileType = sourcecode.c.h; path = zero_copy_stream.h; sourceTree = "<group>"; };
		5440956420D239EA006689FB /* zero_copy_stream_impl.cc */ = {isa = PBXFileReference; fileEncoding = 4; lastKnownFileType = sourcecode.cpp.cpp; path = zero_copy_stream_impl.cc; sourceTree = "<group>"; };
		5440956520D239EA006689FB /* zero_copy_stream_impl.h */ = {isa = PBXFileReference; fileEncoding = 4; lastKnownFileType = sourcecode.c.h; path = zero_copy_stream_impl.h; sourceTree = "<group>"; };
		5440956620D239EA006689FB /* zero_copy_stream_impl_lite.cc */ = {isa = PBXFileReference; fileEncoding = 4; lastKnownFileType = sourcecode.cpp.cpp; path = zero_copy_stream_impl_lite.cc; sourceTree = "<group>"; };
		5440956720D239EA006689FB /* zero_copy_stream_impl_lite.h */ = {isa = PBXFileReference; fileEncoding = 4; lastKnownFileType = sourcecode.c.h; path = zero_copy_stream_impl_lite.h; sourceTree = "<group>"; };
		5440956820D239EA006689FB /* message.cc */ = {isa = PBXFileReference; fileEncoding = 4; lastKnownFileType = sourcecode.cpp.cpp; path = message.cc; sourceTree = "<group>"; };
		5440956920D239EA006689FB /* message.h */ = {isa = PBXFileReference; fileEncoding = 4; lastKnownFileType = sourcecode.c.h; path = message.h; sourceTree = "<group>"; };
		5440956A20D239EA006689FB /* message_lite.cc */ = {isa = PBXFileReference; fileEncoding = 4; lastKnownFileType = sourcecode.cpp.cpp; path = message_lite.cc; sourceTree = "<group>"; };
		5440956B20D239EA006689FB /* message_lite.h */ = {isa = PBXFileReference; fileEncoding = 4; lastKnownFileType = sourcecode.c.h; path = message_lite.h; sourceTree = "<group>"; };
		5440956C20D239EA006689FB /* package_info.h */ = {isa = PBXFileReference; fileEncoding = 4; lastKnownFileType = sourcecode.c.h; path = package_info.h; sourceTree = "<group>"; };
		5440956D20D239EA006689FB /* reflection_ops.cc */ = {isa = PBXFileReference; fileEncoding = 4; lastKnownFileType = sourcecode.cpp.cpp; path = reflection_ops.cc; sourceTree = "<group>"; };
		5440956E20D239EA006689FB /* reflection_ops.h */ = {isa = PBXFileReference; fileEncoding = 4; lastKnownFileType = sourcecode.c.h; path = reflection_ops.h; sourceTree = "<group>"; };
		5440956F20D239EA006689FB /* repeated_field.cc */ = {isa = PBXFileReference; fileEncoding = 4; lastKnownFileType = sourcecode.cpp.cpp; path = repeated_field.cc; sourceTree = "<group>"; };
		5440957020D239EA006689FB /* repeated_field.h */ = {isa = PBXFileReference; fileEncoding = 4; lastKnownFileType = sourcecode.c.h; path = repeated_field.h; sourceTree = "<group>"; };
		5440957120D239EA006689FB /* service.cc */ = {isa = PBXFileReference; fileEncoding = 4; lastKnownFileType = sourcecode.cpp.cpp; path = service.cc; sourceTree = "<group>"; };
		5440957220D239EA006689FB /* service.h */ = {isa = PBXFileReference; fileEncoding = 4; lastKnownFileType = sourcecode.c.h; path = service.h; sourceTree = "<group>"; };
		5440957420D239EA006689FB /* atomicops.h */ = {isa = PBXFileReference; fileEncoding = 4; lastKnownFileType = sourcecode.c.h; path = atomicops.h; sourceTree = "<group>"; };
		5440957520D239EA006689FB /* atomicops_internals_arm64_gcc.h */ = {isa = PBXFileReference; fileEncoding = 4; lastKnownFileType = sourcecode.c.h; path = atomicops_internals_arm64_gcc.h; sourceTree = "<group>"; };
		5440957620D239EA006689FB /* atomicops_internals_arm_gcc.h */ = {isa = PBXFileReference; fileEncoding = 4; lastKnownFileType = sourcecode.c.h; path = atomicops_internals_arm_gcc.h; sourceTree = "<group>"; };
		5440957720D239EA006689FB /* atomicops_internals_arm_qnx.h */ = {isa = PBXFileReference; fileEncoding = 4; lastKnownFileType = sourcecode.c.h; path = atomicops_internals_arm_qnx.h; sourceTree = "<group>"; };
		5440957820D239EA006689FB /* atomicops_internals_atomicword_compat.h */ = {isa = PBXFileReference; fileEncoding = 4; lastKnownFileType = sourcecode.c.h; path = atomicops_internals_atomicword_compat.h; sourceTree = "<group>"; };
		5440957920D239EA006689FB /* atomicops_internals_generic_gcc.h */ = {isa = PBXFileReference; fileEncoding = 4; lastKnownFileType = sourcecode.c.h; path = atomicops_internals_generic_gcc.h; sourceTree = "<group>"; };
		5440957A20D239EA006689FB /* atomicops_internals_macosx.h */ = {isa = PBXFileReference; fileEncoding = 4; lastKnownFileType = sourcecode.c.h; path = atomicops_internals_macosx.h; sourceTree = "<group>"; };
		5440957B20D239EA006689FB /* atomicops_internals_mips_gcc.h */ = {isa = PBXFileReference; fileEncoding = 4; lastKnownFileType = sourcecode.c.h; path = atomicops_internals_mips_gcc.h; sourceTree = "<group>"; };
		5440957C20D239EA006689FB /* atomicops_internals_pnacl.h */ = {isa = PBXFileReference; fileEncoding = 4; lastKnownFileType = sourcecode.c.h; path = atomicops_internals_pnacl.h; sourceTree = "<group>"; };
		5440957D20D239EA006689FB /* atomicops_internals_solaris.h */ = {isa = PBXFileReference; fileEncoding = 4; lastKnownFileType = sourcecode.c.h; path = atomicops_internals_solaris.h; sourceTree = "<group>"; };
		5440957E20D239EA006689FB /* atomicops_internals_tsan.h */ = {isa = PBXFileReference; fileEncoding = 4; lastKnownFileType = sourcecode.c.h; path = atomicops_internals_tsan.h; sourceTree = "<group>"; };
		5440957F20D239EA006689FB /* atomicops_internals_x86_gcc.cc */ = {isa = PBXFileReference; fileEncoding = 4; lastKnownFileType = sourcecode.cpp.cpp; path = atomicops_internals_x86_gcc.cc; sourceTree = "<group>"; };
		5440958020D239EA006689FB /* atomicops_internals_x86_gcc.h */ = {isa = PBXFileReference; fileEncoding = 4; lastKnownFileType = sourcecode.c.h; path = atomicops_internals_x86_gcc.h; sourceTree = "<group>"; };
		5440958120D239EA006689FB /* atomicops_internals_x86_msvc.cc */ = {isa = PBXFileReference; fileEncoding = 4; lastKnownFileType = sourcecode.cpp.cpp; path = atomicops_internals_x86_msvc.cc; sourceTree = "<group>"; };
		5440958220D239EA006689FB /* atomicops_internals_x86_msvc.h */ = {isa = PBXFileReference; fileEncoding = 4; lastKnownFileType = sourcecode.c.h; path = atomicops_internals_x86_msvc.h; sourceTree = "<group>"; };
		5440958320D239EA006689FB /* common.cc */ = {isa = PBXFileReference; fileEncoding = 4; lastKnownFileType = sourcecode.cpp.cpp; path = common.cc; sourceTree = "<group>"; };
		5440958420D239EA006689FB /* common.h */ = {isa = PBXFileReference; fileEncoding = 4; lastKnownFileType = sourcecode.c.h; path = common.h; sourceTree = "<group>"; };
		5440958520D239EA006689FB /* hash.h */ = {isa = PBXFileReference; fileEncoding = 4; lastKnownFileType = sourcecode.c.h; path = hash.h; sourceTree = "<group>"; };
		5440958620D239EA006689FB /* map_util.h */ = {isa = PBXFileReference; fileEncoding = 4; lastKnownFileType = sourcecode.c.h; path = map_util.h; sourceTree = "<group>"; };
		5440958720D239EA006689FB /* once.cc */ = {isa = PBXFileReference; fileEncoding = 4; lastKnownFileType = sourcecode.cpp.cpp; path = once.cc; sourceTree = "<group>"; };
		5440958820D239EA006689FB /* once.h */ = {isa = PBXFileReference; fileEncoding = 4; lastKnownFileType = sourcecode.c.h; path = once.h; sourceTree = "<group>"; };
		5440958920D239EA006689FB /* platform_macros.h */ = {isa = PBXFileReference; fileEncoding = 4; lastKnownFileType = sourcecode.c.h; path = platform_macros.h; sourceTree = "<group>"; };
		5440958A20D239EA006689FB /* shared_ptr.h */ = {isa = PBXFileReference; fileEncoding = 4; lastKnownFileType = sourcecode.c.h; path = shared_ptr.h; sourceTree = "<group>"; };
		5440958B20D239EA006689FB /* stl_util.h */ = {isa = PBXFileReference; fileEncoding = 4; lastKnownFileType = sourcecode.c.h; path = stl_util.h; sourceTree = "<group>"; };
		5440958C20D239EA006689FB /* stringprintf.cc */ = {isa = PBXFileReference; fileEncoding = 4; lastKnownFileType = sourcecode.cpp.cpp; path = stringprintf.cc; sourceTree = "<group>"; };
		5440958D20D239EA006689FB /* stringprintf.h */ = {isa = PBXFileReference; fileEncoding = 4; lastKnownFileType = sourcecode.c.h; path = stringprintf.h; sourceTree = "<group>"; };
		5440958E20D239EA006689FB /* structurally_valid.cc */ = {isa = PBXFileReference; fileEncoding = 4; lastKnownFileType = sourcecode.cpp.cpp; path = structurally_valid.cc; sourceTree = "<group>"; };
		5440958F20D239EA006689FB /* strutil.cc */ = {isa = PBXFileReference; fileEncoding = 4; lastKnownFileType = sourcecode.cpp.cpp; path = strutil.cc; sourceTree = "<group>"; };
		5440959020D239EA006689FB /* strutil.h */ = {isa = PBXFileReference; fileEncoding = 4; lastKnownFileType = sourcecode.c.h; path = strutil.h; sourceTree = "<group>"; };
		5440959120D239EA006689FB /* substitute.cc */ = {isa = PBXFileReference; fileEncoding = 4; lastKnownFileType = sourcecode.cpp.cpp; path = substitute.cc; sourceTree = "<group>"; };
		5440959220D239EA006689FB /* substitute.h */ = {isa = PBXFileReference; fileEncoding = 4; lastKnownFileType = sourcecode.c.h; path = substitute.h; sourceTree = "<group>"; };
		5440959320D239EA006689FB /* template_util.h */ = {isa = PBXFileReference; fileEncoding = 4; lastKnownFileType = sourcecode.c.h; path = template_util.h; sourceTree = "<group>"; };
		5440959420D239EA006689FB /* type_traits.h */ = {isa = PBXFileReference; fileEncoding = 4; lastKnownFileType = sourcecode.c.h; path = type_traits.h; sourceTree = "<group>"; };
		5440959720D239EA006689FB /* file.cc */ = {isa = PBXFileReference; fileEncoding = 4; lastKnownFileType = sourcecode.cpp.cpp; path = file.cc; sourceTree = "<group>"; };
		5440959820D239EA006689FB /* file.h */ = {isa = PBXFileReference; fileEncoding = 4; lastKnownFileType = sourcecode.c.h; path = file.h; sourceTree = "<group>"; };
		5440959920D239EA006689FB /* googletest.cc */ = {isa = PBXFileReference; fileEncoding = 4; lastKnownFileType = sourcecode.cpp.cpp; path = googletest.cc; sourceTree = "<group>"; };
		5440959A20D239EA006689FB /* googletest.h */ = {isa = PBXFileReference; fileEncoding = 4; lastKnownFileType = sourcecode.c.h; path = googletest.h; sourceTree = "<group>"; };
		5440959B20D239EA006689FB /* text_format.cc */ = {isa = PBXFileReference; fileEncoding = 4; lastKnownFileType = sourcecode.cpp.cpp; path = text_format.cc; sourceTree = "<group>"; };
		5440959C20D239EA006689FB /* text_format.h */ = {isa = PBXFileReference; fileEncoding = 4; lastKnownFileType = sourcecode.c.h; path = text_format.h; sourceTree = "<group>"; };
		5440959D20D239EA006689FB /* unknown_field_set.cc */ = {isa = PBXFileReference; fileEncoding = 4; lastKnownFileType = sourcecode.cpp.cpp; path = unknown_field_set.cc; sourceTree = "<group>"; };
		5440959E20D239EA006689FB /* unknown_field_set.h */ = {isa = PBXFileReference; fileEncoding = 4; lastKnownFileType = sourcecode.c.h; path = unknown_field_set.h; sourceTree = "<group>"; };
		5440959F20D239EA006689FB /* wire_format.cc */ = {isa = PBXFileReference; fileEncoding = 4; lastKnownFileType = sourcecode.cpp.cpp; path = wire_format.cc; sourceTree = "<group>"; };
		544095A020D239EA006689FB /* wire_format.h */ = {isa = PBXFileReference; fileEncoding = 4; lastKnownFileType = sourcecode.c.h; path = wire_format.h; sourceTree = "<group>"; };
		544095A120D239EA006689FB /* wire_format_lite.cc */ = {isa = PBXFileReference; fileEncoding = 4; lastKnownFileType = sourcecode.cpp.cpp; path = wire_format_lite.cc; sourceTree = "<group>"; };
		544095A220D239EA006689FB /* wire_format_lite.h */ = {isa = PBXFileReference; fileEncoding = 4; lastKnownFileType = sourcecode.c.h; path = wire_format_lite.h; sourceTree = "<group>"; };
		544095A320D239EA006689FB /* wire_format_lite_inl.h */ = {isa = PBXFileReference; fileEncoding = 4; lastKnownFileType = sourcecode.c.h; path = wire_format_lite_inl.h; sourceTree = "<group>"; };
		544095C920D23D0A006689FB /* libWeChatSDK.a */ = {isa = PBXFileReference; lastKnownFileType = archive.ar; path = libWeChatSDK.a; sourceTree = "<group>"; };
		544095CA20D23D0A006689FB /* README.txt */ = {isa = PBXFileReference; fileEncoding = 4; lastKnownFileType = text; path = README.txt; sourceTree = "<group>"; };
		544095CB20D23D0A006689FB /* WechatAuthSDK.h */ = {isa = PBXFileReference; fileEncoding = 4; lastKnownFileType = sourcecode.c.h; path = WechatAuthSDK.h; sourceTree = "<group>"; };
		544095CC20D23D0A006689FB /* WXApi.h */ = {isa = PBXFileReference; fileEncoding = 4; lastKnownFileType = sourcecode.c.h; path = WXApi.h; sourceTree = "<group>"; };
		544095CD20D23D0A006689FB /* WXApiObject.h */ = {isa = PBXFileReference; fileEncoding = 4; lastKnownFileType = sourcecode.c.h; path = WXApiObject.h; sourceTree = "<group>"; };
		544095CF20D23D0A006689FB /* WXApiManager.h */ = {isa = PBXFileReference; fileEncoding = 4; lastKnownFileType = sourcecode.c.h; path = WXApiManager.h; sourceTree = "<group>"; };
		544095D020D23D0A006689FB /* WXApiManager.m */ = {isa = PBXFileReference; fileEncoding = 4; lastKnownFileType = sourcecode.c.objc; path = WXApiManager.m; sourceTree = "<group>"; };
		544095D120D23D0A006689FB /* WXApiRequestHandler.h */ = {isa = PBXFileReference; fileEncoding = 4; lastKnownFileType = sourcecode.c.h; path = WXApiRequestHandler.h; sourceTree = "<group>"; };
		544095D220D23D0A006689FB /* WXApiRequestHandler.m */ = {isa = PBXFileReference; fileEncoding = 4; lastKnownFileType = sourcecode.c.objc; path = WXApiRequestHandler.m; sourceTree = "<group>"; };
		544095D320D23D0A006689FB /* WXApiResponseHandler.h */ = {isa = PBXFileReference; fileEncoding = 4; lastKnownFileType = sourcecode.c.h; path = WXApiResponseHandler.h; sourceTree = "<group>"; };
		544095D420D23D0A006689FB /* WXApiResponseHandler.m */ = {isa = PBXFileReference; fileEncoding = 4; lastKnownFileType = sourcecode.c.objc; path = WXApiResponseHandler.m; sourceTree = "<group>"; };
		544095DC20D2424C006689FB /* SystemConfiguration.framework */ = {isa = PBXFileReference; lastKnownFileType = wrapper.framework; name = SystemConfiguration.framework; path = Platforms/iPhoneOS.platform/Developer/SDKs/iPhoneOS11.4.sdk/System/Library/Frameworks/SystemConfiguration.framework; sourceTree = DEVELOPER_DIR; };
		544095DE20D2426E006689FB /* CoreTelephony.framework */ = {isa = PBXFileReference; lastKnownFileType = wrapper.framework; name = CoreTelephony.framework; path = Platforms/iPhoneOS.platform/Developer/SDKs/iPhoneOS11.4.sdk/System/Library/Frameworks/CoreTelephony.framework; sourceTree = DEVELOPER_DIR; };
		544095E020D2428A006689FB /* CFNetwork.framework */ = {isa = PBXFileReference; lastKnownFileType = wrapper.framework; name = CFNetwork.framework; path = Platforms/iPhoneOS.platform/Developer/SDKs/iPhoneOS11.4.sdk/System/Library/Frameworks/CFNetwork.framework; sourceTree = DEVELOPER_DIR; };
		544095E220D2429F006689FB /* OpenGLES.framework */ = {isa = PBXFileReference; lastKnownFileType = wrapper.framework; name = OpenGLES.framework; path = Platforms/iPhoneOS.platform/Developer/SDKs/iPhoneOS11.4.sdk/System/Library/Frameworks/OpenGLES.framework; sourceTree = DEVELOPER_DIR; };
		544095E420D242B6006689FB /* UIKit.framework */ = {isa = PBXFileReference; lastKnownFileType = wrapper.framework; name = UIKit.framework; path = Platforms/iPhoneOS.platform/Developer/SDKs/iPhoneOS11.4.sdk/System/Library/Frameworks/UIKit.framework; sourceTree = DEVELOPER_DIR; };
		544095E620D242CD006689FB /* Security.framework */ = {isa = PBXFileReference; lastKnownFileType = wrapper.framework; name = Security.framework; path = Platforms/iPhoneOS.platform/Developer/SDKs/iPhoneOS11.4.sdk/System/Library/Frameworks/Security.framework; sourceTree = DEVELOPER_DIR; };
		544095E820D243B2006689FB /* libsqlite3.0.tbd */ = {isa = PBXFileReference; lastKnownFileType = "sourcecode.text-based-dylib-definition"; name = libsqlite3.0.tbd; path = Platforms/iPhoneOS.platform/Developer/SDKs/iPhoneOS11.4.sdk/usr/lib/libsqlite3.0.tbd; sourceTree = DEVELOPER_DIR; };
		544095EA20D24472006689FB /* Res1280_720 */ = {isa = PBXFileReference; lastKnownFileType = folder; path = Res1280_720; sourceTree = "<group>"; };
		8262943D1AAF051F00CB7CF7 /* Security.framework */ = {isa = PBXFileReference; lastKnownFileType = wrapper.framework; name = Security.framework; path = System/Library/Frameworks/Security.framework; sourceTree = SDKROOT; };
		BF170DB412928DE900B8313A /* libz.dylib */ = {isa = PBXFileReference; lastKnownFileType = "compiled.mach-o.dylib"; name = libz.dylib; path = usr/lib/libz.dylib; sourceTree = SDKROOT; };
		BF1C47EA1293683800B63C5D /* QuartzCore.framework */ = {isa = PBXFileReference; lastKnownFileType = wrapper.framework; name = QuartzCore.framework; path = System/Library/Frameworks/QuartzCore.framework; sourceTree = SDKROOT; };
		D44C620B132DFF330009C878 /* OpenAL.framework */ = {isa = PBXFileReference; lastKnownFileType = wrapper.framework; name = OpenAL.framework; path = System/Library/Frameworks/OpenAL.framework; sourceTree = SDKROOT; };
		D44C620D132DFF430009C878 /* AVFoundation.framework */ = {isa = PBXFileReference; lastKnownFileType = wrapper.framework; name = AVFoundation.framework; path = System/Library/Frameworks/AVFoundation.framework; sourceTree = SDKROOT; };
		D44C620F132DFF4E0009C878 /* AudioToolbox.framework */ = {isa = PBXFileReference; lastKnownFileType = wrapper.framework; name = AudioToolbox.framework; path = System/Library/Frameworks/AudioToolbox.framework; sourceTree = SDKROOT; };
		D6B0611A1803AB670077942B /* CoreMotion.framework */ = {isa = PBXFileReference; lastKnownFileType = wrapper.framework; name = CoreMotion.framework; path = Platforms/iPhoneOS.platform/Developer/SDKs/iPhoneOS.sdk/System/Library/Frameworks/CoreMotion.framework; sourceTree = DEVELOPER_DIR; };
		ED545A7B1B68A1F400C3958E /* libiconv.dylib */ = {isa = PBXFileReference; lastKnownFileType = "compiled.mach-o.dylib"; name = libiconv.dylib; path = Platforms/iPhoneOS.platform/Developer/SDKs/iPhoneOS.sdk/usr/lib/libiconv.dylib; sourceTree = DEVELOPER_DIR; };
		ED545A7D1B68A1FA00C3958E /* libiconv.dylib */ = {isa = PBXFileReference; lastKnownFileType = "compiled.mach-o.dylib"; name = libiconv.dylib; path = usr/lib/libiconv.dylib; sourceTree = SDKROOT; };
/* End PBXFileReference section */

/* Begin PBXFrameworksBuildPhase section */
		1D60588F0D05DD3D006BFB54 /* Frameworks */ = {
			isa = PBXFrameworksBuildPhase;
			buildActionMask = 2147483647;
			files = (
				544095E920D243B2006689FB /* libsqlite3.0.tbd in Frameworks */,
				544095E720D242CD006689FB /* Security.framework in Frameworks */,
				544095E520D242B6006689FB /* UIKit.framework in Frameworks */,
				544095E320D242A0006689FB /* OpenGLES.framework in Frameworks */,
				544095E120D2428B006689FB /* CFNetwork.framework in Frameworks */,
				544095DF20D2426F006689FB /* CoreTelephony.framework in Frameworks */,
				544095DD20D2424D006689FB /* SystemConfiguration.framework in Frameworks */,
				294D0D641D0D56D500F7F5D4 /* CoreText.framework in Frameworks */,
				ED545A7C1B68A1F400C3958E /* libiconv.dylib in Frameworks */,
				52B47A471A53D09C004E4C60 /* Security.framework in Frameworks */,
				1AC6FB30180E99EB004C840B /* libcocos2d iOS.a in Frameworks */,
				D6B0611B1803AB670077942B /* CoreMotion.framework in Frameworks */,
				1D60589F0D05DD5A006BFB54 /* Foundation.framework in Frameworks */,
				288765A50DF7441C002DB57D /* CoreGraphics.framework in Frameworks */,
				BF1712471292920000B8313A /* libz.dylib in Frameworks */,
				BF1C47F01293687400B63C5D /* QuartzCore.framework in Frameworks */,
				D44C620C132DFF330009C878 /* OpenAL.framework in Frameworks */,
				D44C620E132DFF430009C878 /* AVFoundation.framework in Frameworks */,
				D44C6210132DFF4E0009C878 /* AudioToolbox.framework in Frameworks */,
				544095D520D23D0B006689FB /* libWeChatSDK.a in Frameworks */,
			);
			runOnlyForDeploymentPostprocessing = 0;
		};
		5087E75C17EB910900C73F5D /* Frameworks */ = {
			isa = PBXFrameworksBuildPhase;
			buildActionMask = 2147483647;
			files = (
				ED545A7E1B68A1FA00C3958E /* libiconv.dylib in Frameworks */,
				1AC6FB21180E996B004C840B /* libcocos2d Mac.a in Frameworks */,
				5087E76717EB910900C73F5D /* libz.dylib in Frameworks */,
				8262943E1AAF051F00CB7CF7 /* Security.framework in Frameworks */,
				503AE11B17EB9C5A00D1A890 /* IOKit.framework in Frameworks */,
				5087E78B17EB975400C73F5D /* OpenGL.framework in Frameworks */,
				5087E78917EB974C00C73F5D /* AppKit.framework in Frameworks */,
				5087E76317EB910900C73F5D /* Foundation.framework in Frameworks */,
				5087E76817EB910900C73F5D /* QuartzCore.framework in Frameworks */,
				5087E76917EB910900C73F5D /* OpenAL.framework in Frameworks */,
				5087E76A17EB910900C73F5D /* AVFoundation.framework in Frameworks */,
				5087E76B17EB910900C73F5D /* AudioToolbox.framework in Frameworks */,
			);
			runOnlyForDeploymentPostprocessing = 0;
		};
/* End PBXFrameworksBuildPhase section */

/* Begin PBXGroup section */
		19C28FACFE9D520D11CA2CBB /* Products */ = {
			isa = PBXGroup;
			children = (
				1D6058910D05DD3D006BFB54 /* TestGame-mobile.app */,
				5087E76F17EB910900C73F5D /* TestGame-desktop.app */,
			);
			name = Products;
			sourceTree = "<group>";
		};
		1AC6FAE6180E9839004C840B /* Products */ = {
			isa = PBXGroup;
			children = (
				1AC6FAF9180E9839004C840B /* libcocos2d Mac.a */,
				1AC6FB07180E9839004C840B /* libcocos2d iOS.a */,
				1A7533E31F6F75F6007E8E6F /* libcocos2d tvOS.a */,
			);
			name = Products;
			sourceTree = "<group>";
		};
		1AF87B461F6F77D6007BE51C /* ios */ = {
			isa = PBXGroup;
			children = (
				1A88B2631FC3D9C9005C14AE /* Images.xcassets */,
				1AF87B471F6F77D6007BE51C /* AppController.h */,
				1AF87B481F6F77D6007BE51C /* AppController.mm */,
				1AF87B581F6F77D6007BE51C /* Info.plist */,
				1AF87B591F6F77D6007BE51C /* LaunchScreen.storyboard */,
				1AF87B5A1F6F77D6007BE51C /* LaunchScreenBackground.png */,
				1AF87B5B1F6F77D6007BE51C /* main.m */,
				1AF87B5C1F6F77D6007BE51C /* Prefix.pch */,
				1AF87B5D1F6F77D6007BE51C /* RootViewController.h */,
				1AF87B5E1F6F77D6007BE51C /* RootViewController.mm */,
			);
			path = ios;
			sourceTree = "<group>";
		};
		29B97314FDCFA39411CA2CEA /* CustomTemplate */ = {
			isa = PBXGroup;
			children = (
				544095C820D23D0A006689FB /* WeChat */,
				46880B8319C43A87006E1F66 /* Classes */,
				46880B7519C43A67006E1F66 /* Resources */,
				1AC6FAE5180E9839004C840B /* cocos2d_libs.xcodeproj */,
				29B97323FDCFA39411CA2CEA /* Frameworks */,
				1AF87B461F6F77D6007BE51C /* ios */,
				503AE10617EB990700D1A890 /* mac */,
				19C28FACFE9D520D11CA2CBB /* Products */,
			);
			name = CustomTemplate;
			sourceTree = "<group>";
		};
		29B97323FDCFA39411CA2CEA /* Frameworks */ = {
			isa = PBXGroup;
			children = (
				544095E820D243B2006689FB /* libsqlite3.0.tbd */,
				544095E620D242CD006689FB /* Security.framework */,
				544095E420D242B6006689FB /* UIKit.framework */,
				544095E220D2429F006689FB /* OpenGLES.framework */,
				544095E020D2428A006689FB /* CFNetwork.framework */,
				544095DE20D2426E006689FB /* CoreTelephony.framework */,
				544095DC20D2424C006689FB /* SystemConfiguration.framework */,
				294D0D631D0D56D500F7F5D4 /* CoreText.framework */,
				ED545A7D1B68A1FA00C3958E /* libiconv.dylib */,
				ED545A7B1B68A1F400C3958E /* libiconv.dylib */,
				8262943D1AAF051F00CB7CF7 /* Security.framework */,
				52B47A461A53D09B004E4C60 /* Security.framework */,
				D6B0611A1803AB670077942B /* CoreMotion.framework */,
				503AE11A17EB9C5A00D1A890 /* IOKit.framework */,
				503AE11117EB99EE00D1A890 /* libcurl.dylib */,
				5087E78A17EB975400C73F5D /* OpenGL.framework */,
				5087E78817EB974C00C73F5D /* AppKit.framework */,
				1ACB3243164770DE00914215 /* libcurl.a */,
				BF170DB412928DE900B8313A /* libz.dylib */,
				D44C620F132DFF4E0009C878 /* AudioToolbox.framework */,
				D44C620D132DFF430009C878 /* AVFoundation.framework */,
				288765A40DF7441C002DB57D /* CoreGraphics.framework */,
				1D30AB110D05D00D00671497 /* Foundation.framework */,
				D44C620B132DFF330009C878 /* OpenAL.framework */,
				BF1C47EA1293683800B63C5D /* QuartzCore.framework */,
			);
			name = Frameworks;
			sourceTree = "<group>";
		};
		46880B7519C43A67006E1F66 /* Resources */ = {
			isa = PBXGroup;
			children = (
				544095EA20D24472006689FB /* Res1280_720 */,
				521A8EA819F11F5000D177D7 /* fonts */,
				3EACC98E19EE6D4300EB3C5E /* res */,
				46880B7619C43A67006E1F66 /* CloseNormal.png */,
				46880B7719C43A67006E1F66 /* CloseSelected.png */,
				46880B7A19C43A67006E1F66 /* HelloWorld.png */,
			);
			name = Resources;
			path = ../Resources;
			sourceTree = "<group>";
		};
		46880B8319C43A87006E1F66 /* Classes */ = {
			isa = PBXGroup;
			children = (
				5440948320D238B2006689FB /* ohters */,
				5440947020D23872006689FB /* utils */,
				5440946B20D23872006689FB /* GF_Platform */,
				5440944120D2385E006689FB /* GF_Net */,
				5440943420D23855006689FB /* GF_WindowUI */,
				5440945E20D23871006689FB /* GF_Game */,
				46880B8419C43A87006E1F66 /* AppDelegate.cpp */,
				46880B8519C43A87006E1F66 /* AppDelegate.h */,
				46880B8619C43A87006E1F66 /* HelloWorldScene.cpp */,
				46880B8719C43A87006E1F66 /* HelloWorldScene.h */,
				5440946820D23871006689FB /* GF_ChannelManager.cpp */,
				5440946920D23872006689FB /* GF_ChannelManager.h */,
				5440945D20D23871006689FB /* TestWin.cpp */,
				5440945C20D23870006689FB /* TestWin.h */,
				5440946A20D23872006689FB /* GF_GlobalDefine.h */,
			);
			name = Classes;
			path = ../Classes;
			sourceTree = "<group>";
		};
		503AE0F517EB97AB00D1A890 /* Icons */ = {
			isa = PBXGroup;
			children = (
				503AE0F617EB97AB00D1A890 /* Icon.icns */,
				503AE0F717EB97AB00D1A890 /* Info.plist */,
			);
			name = Icons;
			path = mac;
			sourceTree = SOURCE_ROOT;
		};
		503AE10617EB990700D1A890 /* mac */ = {
			isa = PBXGroup;
			children = (
				503AE0F517EB97AB00D1A890 /* Icons */,
				503AE10317EB98FF00D1A890 /* main.cpp */,
				503AE10417EB98FF00D1A890 /* Prefix.pch */,
			);
			name = mac;
			sourceTree = "<group>";
		};
		5440943420D23855006689FB /* GF_WindowUI */ = {
			isa = PBXGroup;
			children = (
				5440943520D23855006689FB /* GF_WindowsManager.cpp */,
				5440943620D23855006689FB /* GF_WindowsManager.h */,
				5440943720D23855006689FB /* GF_WinUI.cpp */,
				5440943820D23855006689FB /* GF_WinUI.h */,
				5440943920D23855006689FB /* QRSprite.cpp */,
				5440943A20D23855006689FB /* QRSprite.h */,
				5440943B20D23855006689FB /* WebSprite.cpp */,
				5440943C20D23855006689FB /* WebSprite.h */,
			);
			path = GF_WindowUI;
			sourceTree = "<group>";
		};
		5440944120D2385E006689FB /* GF_Net */ = {
			isa = PBXGroup;
			children = (
				5440944220D2385E006689FB /* Network.cc */,
				5440944320D2385E006689FB /* Network.h */,
				5440944420D2385E006689FB /* protoc */,
				5440945020D2385E006689FB /* Queue.h */,
				5440945120D2385E006689FB /* TcpPbClient.cc */,
				5440945220D2385E006689FB /* TcpPbClient.h */,
			);
			path = GF_Net;
			sourceTree = "<group>";
		};
		5440944420D2385E006689FB /* protoc */ = {
			isa = PBXGroup;
			children = (
				5440944520D2385E006689FB /* byyhead.pb.cc */,
				5440944620D2385E006689FB /* byyhead.pb.h */,
				5440944720D2385E006689FB /* byyhead.proto */,
				5440944820D2385E006689FB /* mahjong_msg.pb.cc */,
				5440944920D2385E006689FB /* mahjong_msg.pb.h */,
				5440944A20D2385E006689FB /* mahjong_msg.proto */,
				5440944B20D2385E006689FB /* MajiangServer.cpp */,
				5440944C20D2385E006689FB /* MajiangServer.h */,
				5440944D20D2385E006689FB /* protocol.cpp */,
				5440944E20D2385E006689FB /* protocol.h */,
				5440944F20D2385E006689FB /* readme.txt */,
			);
			path = protoc;
			sourceTree = "<group>";
		};
		5440945E20D23871006689FB /* GF_Game */ = {
			isa = PBXGroup;
			children = (
				5440945F20D23871006689FB /* GF_GameData */,
				5440946020D23871006689FB /* GF_GameHall */,
				5440946120D23871006689FB /* GF_GameMJ */,
				5440946220D23871006689FB /* GF_GamePublicUI */,
				5440946720D23871006689FB /* GF_GameTest */,
			);
			path = GF_Game;
			sourceTree = "<group>";
		};
		5440945F20D23871006689FB /* GF_GameData */ = {
			isa = PBXGroup;
			children = (
			);
			path = GF_GameData;
			sourceTree = "<group>";
		};
		5440946020D23871006689FB /* GF_GameHall */ = {
			isa = PBXGroup;
			children = (
			);
			path = GF_GameHall;
			sourceTree = "<group>";
		};
		5440946120D23871006689FB /* GF_GameMJ */ = {
			isa = PBXGroup;
			children = (
			);
			path = GF_GameMJ;
			sourceTree = "<group>";
		};
		5440946220D23871006689FB /* GF_GamePublicUI */ = {
			isa = PBXGroup;
			children = (
				5440946320D23871006689FB /* GF_RewardTip */,
				5440946620D23871006689FB /* GF_Task */,
			);
			path = GF_GamePublicUI;
			sourceTree = "<group>";
		};
		5440946320D23871006689FB /* GF_RewardTip */ = {
			isa = PBXGroup;
			children = (
				5440946420D23871006689FB /* GF_RewardTip.cpp */,
				5440946520D23871006689FB /* GF_RewardTip.h */,
			);
			path = GF_RewardTip;
			sourceTree = "<group>";
		};
		5440946620D23871006689FB /* GF_Task */ = {
			isa = PBXGroup;
			children = (
			);
			path = GF_Task;
			sourceTree = "<group>";
		};
		5440946720D23871006689FB /* GF_GameTest */ = {
			isa = PBXGroup;
			children = (
			);
			path = GF_GameTest;
			sourceTree = "<group>";
		};
		5440946B20D23872006689FB /* GF_Platform */ = {
			isa = PBXGroup;
			children = (
				5440946C20D23872006689FB /* imp */,
			);
			path = GF_Platform;
			sourceTree = "<group>";
		};
		5440946C20D23872006689FB /* imp */ = {
			isa = PBXGroup;
			children = (
				5440946D20D23872006689FB /* ios */,
			);
			path = imp;
			sourceTree = "<group>";
		};
		5440946D20D23872006689FB /* ios */ = {
			isa = PBXGroup;
			children = (
				5440946E20D23872006689FB /* WXView.h */,
				5440946F20D23872006689FB /* WXView.mm */,
			);
			path = ios;
			sourceTree = "<group>";
		};
		5440947020D23872006689FB /* utils */ = {
			isa = PBXGroup;
			children = (
				5440947120D23872006689FB /* base64.c */,
				5440947220D23872006689FB /* base64.h */,
				5440947320D23872006689FB /* md5.cc */,
				5440947420D23872006689FB /* md5.h */,
				5440947520D23872006689FB /* MyOperator.h */,
				5440947620D23872006689FB /* Singleton.h */,
				5440947720D23872006689FB /* string_res.cpp */,
				5440947820D23872006689FB /* string_res.h */,
				5440947920D23872006689FB /* Utils.cpp */,
				5440947A20D23872006689FB /* Utils.h */,
			);
			path = utils;
			sourceTree = "<group>";
		};
		5440948320D238B2006689FB /* ohters */ = {
			isa = PBXGroup;
			children = (
				5440954020D239EA006689FB /* protobuf-2.6.1 */,
				5440949A20D238B2006689FB /* libqrencode */,
			);
			path = ohters;
			sourceTree = "<group>";
		};
		5440949A20D238B2006689FB /* libqrencode */ = {
			isa = PBXGroup;
			children = (
				5440949B20D238B2006689FB /* bitstream.c */,
				5440949C20D238B2006689FB /* bitstream.h */,
				5440949D20D238B2006689FB /* mask.c */,
				5440949E20D238B2006689FB /* mask.h */,
				5440949F20D238B2006689FB /* qrencode.c */,
				544094A020D238B2006689FB /* qrencode.h */,
				544094A120D238B2006689FB /* qrinput.c */,
				544094A220D238B2006689FB /* qrinput.h */,
				544094A320D238B2006689FB /* qrspec.c */,
				544094A420D238B2006689FB /* qrspec.h */,
				544094A520D238B2006689FB /* rscode.c */,
				544094A620D238B2006689FB /* rscode.h */,
				544094A720D238B2006689FB /* split.c */,
				544094A820D238B2006689FB /* split.h */,
			);
			path = libqrencode;
			sourceTree = "<group>";
		};
		5440954020D239EA006689FB /* protobuf-2.6.1 */ = {
			isa = PBXGroup;
			children = (
				5440954120D239EA006689FB /* config.h */,
				5440954220D239EA006689FB /* google */,
			);
			path = "protobuf-2.6.1";
			sourceTree = "<group>";
		};
		5440954220D239EA006689FB /* google */ = {
			isa = PBXGroup;
			children = (
				5440954320D239EA006689FB /* protobuf */,
			);
			path = google;
			sourceTree = "<group>";
		};
		5440954320D239EA006689FB /* protobuf */ = {
			isa = PBXGroup;
			children = (
				5440954420D239EA006689FB /* descriptor.cc */,
				5440954520D239EA006689FB /* descriptor.h */,
				5440954620D239EA006689FB /* descriptor.pb.cc */,
				5440954720D239EA006689FB /* descriptor.pb.h */,
				5440954820D239EA006689FB /* descriptor.proto */,
				5440954920D239EA006689FB /* descriptor_database.cc */,
				5440954A20D239EA006689FB /* descriptor_database.h */,
				5440954B20D239EA006689FB /* dynamic_message.cc */,
				5440954C20D239EA006689FB /* dynamic_message.h */,
				5440954D20D239EA006689FB /* extension_set.cc */,
				5440954E20D239EA006689FB /* extension_set.h */,
				5440954F20D239EA006689FB /* extension_set_heavy.cc */,
				5440955020D239EA006689FB /* generated_enum_reflection.h */,
				5440955120D239EA006689FB /* generated_message_reflection.cc */,
				5440955220D239EA006689FB /* generated_message_reflection.h */,
				5440955320D239EA006689FB /* generated_message_util.cc */,
				5440955420D239EA006689FB /* generated_message_util.h */,
				5440955520D239EA006689FB /* io */,
				5440956820D239EA006689FB /* message.cc */,
				5440956920D239EA006689FB /* message.h */,
				5440956A20D239EA006689FB /* message_lite.cc */,
				5440956B20D239EA006689FB /* message_lite.h */,
				5440956C20D239EA006689FB /* package_info.h */,
				5440956D20D239EA006689FB /* reflection_ops.cc */,
				5440956E20D239EA006689FB /* reflection_ops.h */,
				5440956F20D239EA006689FB /* repeated_field.cc */,
				5440957020D239EA006689FB /* repeated_field.h */,
				5440957120D239EA006689FB /* service.cc */,
				5440957220D239EA006689FB /* service.h */,
				5440957320D239EA006689FB /* stubs */,
				5440959520D239EA006689FB /* testdata */,
				5440959620D239EA006689FB /* testing */,
				5440959B20D239EA006689FB /* text_format.cc */,
				5440959C20D239EA006689FB /* text_format.h */,
				5440959D20D239EA006689FB /* unknown_field_set.cc */,
				5440959E20D239EA006689FB /* unknown_field_set.h */,
				5440959F20D239EA006689FB /* wire_format.cc */,
				544095A020D239EA006689FB /* wire_format.h */,
				544095A120D239EA006689FB /* wire_format_lite.cc */,
				544095A220D239EA006689FB /* wire_format_lite.h */,
				544095A320D239EA006689FB /* wire_format_lite_inl.h */,
			);
			path = protobuf;
			sourceTree = "<group>";
		};
		5440955520D239EA006689FB /* io */ = {
			isa = PBXGroup;
			children = (
				5440955620D239EA006689FB /* coded_stream.cc */,
				5440955720D239EA006689FB /* coded_stream.h */,
				5440955820D239EA006689FB /* coded_stream_inl.h */,
				5440955920D239EA006689FB /* gzip_stream.cc */,
				5440955A20D239EA006689FB /* gzip_stream.h */,
				5440955B20D239EA006689FB /* package_info.h */,
				5440955C20D239EA006689FB /* printer.cc */,
				5440955D20D239EA006689FB /* printer.h */,
				5440955E20D239EA006689FB /* strtod.cc */,
				5440955F20D239EA006689FB /* strtod.h */,
				5440956020D239EA006689FB /* tokenizer.cc */,
				5440956120D239EA006689FB /* tokenizer.h */,
				5440956220D239EA006689FB /* zero_copy_stream.cc */,
				5440956320D239EA006689FB /* zero_copy_stream.h */,
				5440956420D239EA006689FB /* zero_copy_stream_impl.cc */,
				5440956520D239EA006689FB /* zero_copy_stream_impl.h */,
				5440956620D239EA006689FB /* zero_copy_stream_impl_lite.cc */,
				5440956720D239EA006689FB /* zero_copy_stream_impl_lite.h */,
			);
			path = io;
			sourceTree = "<group>";
		};
		5440957320D239EA006689FB /* stubs */ = {
			isa = PBXGroup;
			children = (
				5440957420D239EA006689FB /* atomicops.h */,
				5440957520D239EA006689FB /* atomicops_internals_arm64_gcc.h */,
				5440957620D239EA006689FB /* atomicops_internals_arm_gcc.h */,
				5440957720D239EA006689FB /* atomicops_internals_arm_qnx.h */,
				5440957820D239EA006689FB /* atomicops_internals_atomicword_compat.h */,
				5440957920D239EA006689FB /* atomicops_internals_generic_gcc.h */,
				5440957A20D239EA006689FB /* atomicops_internals_macosx.h */,
				5440957B20D239EA006689FB /* atomicops_internals_mips_gcc.h */,
				5440957C20D239EA006689FB /* atomicops_internals_pnacl.h */,
				5440957D20D239EA006689FB /* atomicops_internals_solaris.h */,
				5440957E20D239EA006689FB /* atomicops_internals_tsan.h */,
				5440957F20D239EA006689FB /* atomicops_internals_x86_gcc.cc */,
				5440958020D239EA006689FB /* atomicops_internals_x86_gcc.h */,
				5440958120D239EA006689FB /* atomicops_internals_x86_msvc.cc */,
				5440958220D239EA006689FB /* atomicops_internals_x86_msvc.h */,
				5440958320D239EA006689FB /* common.cc */,
				5440958420D239EA006689FB /* common.h */,
				5440958520D239EA006689FB /* hash.h */,
				5440958620D239EA006689FB /* map_util.h */,
				5440958720D239EA006689FB /* once.cc */,
				5440958820D239EA006689FB /* once.h */,
				5440958920D239EA006689FB /* platform_macros.h */,
				5440958A20D239EA006689FB /* shared_ptr.h */,
				5440958B20D239EA006689FB /* stl_util.h */,
				5440958C20D239EA006689FB /* stringprintf.cc */,
				5440958D20D239EA006689FB /* stringprintf.h */,
				5440958E20D239EA006689FB /* structurally_valid.cc */,
				5440958F20D239EA006689FB /* strutil.cc */,
				5440959020D239EA006689FB /* strutil.h */,
				5440959120D239EA006689FB /* substitute.cc */,
				5440959220D239EA006689FB /* substitute.h */,
				5440959320D239EA006689FB /* template_util.h */,
				5440959420D239EA006689FB /* type_traits.h */,
			);
			path = stubs;
			sourceTree = "<group>";
		};
		5440959520D239EA006689FB /* testdata */ = {
			isa = PBXGroup;
			children = (
			);
			path = testdata;
			sourceTree = "<group>";
		};
		5440959620D239EA006689FB /* testing */ = {
			isa = PBXGroup;
			children = (
				5440959720D239EA006689FB /* file.cc */,
				5440959820D239EA006689FB /* file.h */,
				5440959920D239EA006689FB /* googletest.cc */,
				5440959A20D239EA006689FB /* googletest.h */,
			);
			path = testing;
			sourceTree = "<group>";
		};
		544095C820D23D0A006689FB /* WeChat */ = {
			isa = PBXGroup;
			children = (
				544095C920D23D0A006689FB /* libWeChatSDK.a */,
				544095CA20D23D0A006689FB /* README.txt */,
				544095CB20D23D0A006689FB /* WechatAuthSDK.h */,
				544095CC20D23D0A006689FB /* WXApi.h */,
				544095CD20D23D0A006689FB /* WXApiObject.h */,
				544095CE20D23D0A006689FB /* WXControl */,
			);
			name = WeChat;
			path = ../ThirdSDK/ios/WeChat;
			sourceTree = "<group>";
		};
		544095CE20D23D0A006689FB /* WXControl */ = {
			isa = PBXGroup;
			children = (
				544095CF20D23D0A006689FB /* WXApiManager.h */,
				544095D020D23D0A006689FB /* WXApiManager.m */,
				544095D120D23D0A006689FB /* WXApiRequestHandler.h */,
				544095D220D23D0A006689FB /* WXApiRequestHandler.m */,
				544095D320D23D0A006689FB /* WXApiResponseHandler.h */,
				544095D420D23D0A006689FB /* WXApiResponseHandler.m */,
			);
			path = WXControl;
			sourceTree = "<group>";
		};
/* End PBXGroup section */

/* Begin PBXNativeTarget section */
		1D6058900D05DD3D006BFB54 /* TestGame-mobile */ = {
			isa = PBXNativeTarget;
			buildConfigurationList = 1D6058960D05DD3E006BFB54 /* Build configuration list for PBXNativeTarget "TestGame-mobile" */;
			buildPhases = (
				1D60588D0D05DD3D006BFB54 /* Resources */,
				1D60588E0D05DD3D006BFB54 /* Sources */,
				1D60588F0D05DD3D006BFB54 /* Frameworks */,
			);
			buildRules = (
			);
			dependencies = (
				1AC6FB25180E99E1004C840B /* PBXTargetDependency */,
			);
			name = "TestGame-mobile";
			productName = iphone;
			productReference = 1D6058910D05DD3D006BFB54 /* TestGame-mobile.app */;
			productType = "com.apple.product-type.application";
		};
		5087E73D17EB910900C73F5D /* TestGame-desktop */ = {
			isa = PBXNativeTarget;
			buildConfigurationList = 5087E76C17EB910900C73F5D /* Build configuration list for PBXNativeTarget "TestGame-desktop" */;
			buildPhases = (
				5087E74817EB910900C73F5D /* Resources */,
				5087E75617EB910900C73F5D /* Sources */,
				5087E75C17EB910900C73F5D /* Frameworks */,
			);
			buildRules = (
			);
			dependencies = (
				1AC6FB16180E9959004C840B /* PBXTargetDependency */,
			);
			name = "TestGame-desktop";
			productName = iphone;
			productReference = 5087E76F17EB910900C73F5D /* TestGame-desktop.app */;
			productType = "com.apple.product-type.application";
		};
/* End PBXNativeTarget section */

/* Begin PBXProject section */
		29B97313FDCFA39411CA2CEA /* Project object */ = {
			isa = PBXProject;
			attributes = {
				LastUpgradeCheck = 0500;
				TargetAttributes = {
					1D6058900D05DD3D006BFB54 = {
						DevelopmentTeam = 7Q8QQZ4ZZE;
						ProvisioningStyle = Manual;
					};
				};
			};
			buildConfigurationList = C01FCF4E08A954540054247B /* Build configuration list for PBXProject "TestGame" */;
			compatibilityVersion = "Xcode 3.2";
			developmentRegion = English;
			hasScannedForEncodings = 1;
			knownRegions = (
				English,
				Japanese,
				French,
				German,
			);
			mainGroup = 29B97314FDCFA39411CA2CEA /* CustomTemplate */;
			projectDirPath = "";
			projectReferences = (
				{
					ProductGroup = 1AC6FAE6180E9839004C840B /* Products */;
					ProjectRef = 1AC6FAE5180E9839004C840B /* cocos2d_libs.xcodeproj */;
				},
			);
			projectRoot = "";
			targets = (
				1D6058900D05DD3D006BFB54 /* TestGame-mobile */,
				5087E73D17EB910900C73F5D /* TestGame-desktop */,
			);
		};
/* End PBXProject section */

/* Begin PBXReferenceProxy section */
		1A7533E31F6F75F6007E8E6F /* libcocos2d tvOS.a */ = {
			isa = PBXReferenceProxy;
			fileType = archive.ar;
			path = "libcocos2d tvOS.a";
			remoteRef = 1A7533E21F6F75F6007E8E6F /* PBXContainerItemProxy */;
			sourceTree = BUILT_PRODUCTS_DIR;
		};
		1AC6FAF9180E9839004C840B /* libcocos2d Mac.a */ = {
			isa = PBXReferenceProxy;
			fileType = archive.ar;
			path = "libcocos2d Mac.a";
			remoteRef = 1AC6FAF8180E9839004C840B /* PBXContainerItemProxy */;
			sourceTree = BUILT_PRODUCTS_DIR;
		};
		1AC6FB07180E9839004C840B /* libcocos2d iOS.a */ = {
			isa = PBXReferenceProxy;
			fileType = archive.ar;
			path = "libcocos2d iOS.a";
			remoteRef = 1AC6FB06180E9839004C840B /* PBXContainerItemProxy */;
			sourceTree = BUILT_PRODUCTS_DIR;
		};
/* End PBXReferenceProxy section */

/* Begin PBXResourcesBuildPhase section */
		1D60588D0D05DD3D006BFB54 /* Resources */ = {
			isa = PBXResourcesBuildPhase;
			buildActionMask = 2147483647;
			files = (
				5440945520D2385E006689FB /* byyhead.proto in Resources */,
				5440945720D2385E006689FB /* mahjong_msg.proto in Resources */,
				46880B8119C43A67006E1F66 /* HelloWorld.png in Resources */,
				544095D620D23D0B006689FB /* README.txt in Resources */,
				1A88B2641FC3D9C9005C14AE /* Images.xcassets in Resources */,
				5440945A20D2385E006689FB /* readme.txt in Resources */,
				544095EB20D24473006689FB /* Res1280_720 in Resources */,
				544095A620D239EA006689FB /* descriptor.proto in Resources */,
				46880B7D19C43A67006E1F66 /* CloseSelected.png in Resources */,
				521A8EA919F11F5000D177D7 /* fonts in Resources */,
				3EACC98F19EE6D4300EB3C5E /* res in Resources */,
				1AF87B891F6F781D007BE51C /* LaunchScreenBackground.png in Resources */,
				46880B7B19C43A67006E1F66 /* CloseNormal.png in Resources */,
				1AF87B881F6F781D007BE51C /* LaunchScreen.storyboard in Resources */,
			);
			runOnlyForDeploymentPostprocessing = 0;
		};
		5087E74817EB910900C73F5D /* Resources */ = {
			isa = PBXResourcesBuildPhase;
			buildActionMask = 2147483647;
			files = (
				46880B8219C43A67006E1F66 /* HelloWorld.png in Resources */,
				503AE0F817EB97AB00D1A890 /* Icon.icns in Resources */,
				3EACC99019EE6D4300EB3C5E /* res in Resources */,
				521A8EAA19F11F5000D177D7 /* fonts in Resources */,
				46880B7C19C43A67006E1F66 /* CloseNormal.png in Resources */,
				46880B7E19C43A67006E1F66 /* CloseSelected.png in Resources */,
			);
			runOnlyForDeploymentPostprocessing = 0;
		};
/* End PBXResourcesBuildPhase section */

/* Begin PBXSourcesBuildPhase section */
		1D60588E0D05DD3D006BFB54 /* Sources */ = {
			isa = PBXSourcesBuildPhase;
			buildActionMask = 2147483647;
			files = (
				544095BC20D239EA006689FB /* common.cc in Sources */,
				544095A920D239EA006689FB /* extension_set.cc in Sources */,
				544095C120D239EA006689FB /* substitute.cc in Sources */,
				544095A420D239EA006689FB /* descriptor.cc in Sources */,
				1AF87B781F6F77F7007BE51C /* AppController.mm in Sources */,
				544095B320D239EA006689FB /* zero_copy_stream_impl.cc in Sources */,
				5440943E20D23855006689FB /* GF_WinUI.cpp in Sources */,
				544095A520D239EA006689FB /* descriptor.pb.cc in Sources */,
				5440947E20D23873006689FB /* WXView.mm in Sources */,
				544095AA20D239EA006689FB /* extension_set_heavy.cc in Sources */,
				5440947D20D23873006689FB /* GF_ChannelManager.cpp in Sources */,
				5440945820D2385E006689FB /* MajiangServer.cpp in Sources */,
				5440948120D23873006689FB /* string_res.cpp in Sources */,
				5440951520D238B2006689FB /* bitstream.c in Sources */,
				544095BE20D239EA006689FB /* stringprintf.cc in Sources */,
				544095C220D239EA006689FB /* file.cc in Sources */,
				544095B420D239EA006689FB /* zero_copy_stream_impl_lite.cc in Sources */,
				1AF87B8B1F6F782A007BE51C /* RootViewController.mm in Sources */,
				544095B520D239EA006689FB /* message.cc in Sources */,
				46880B8819C43A87006E1F66 /* AppDelegate.cpp in Sources */,
				5440948020D23873006689FB /* md5.cc in Sources */,
				544095C420D239EA006689FB /* text_format.cc in Sources */,
				5440951620D238B2006689FB /* mask.c in Sources */,
				5440948220D23873006689FB /* Utils.cpp in Sources */,
				544095C020D239EA006689FB /* strutil.cc in Sources */,
				1AF87B8A1F6F7822007BE51C /* main.m in Sources */,
				5440945B20D2385E006689FB /* TcpPbClient.cc in Sources */,
				544095BA20D239EA006689FB /* atomicops_internals_x86_gcc.cc in Sources */,
				5440943D20D23855006689FB /* GF_WindowsManager.cpp in Sources */,
				544095B020D239EA006689FB /* strtod.cc in Sources */,
				5440947F20D23873006689FB /* base64.c in Sources */,
				544095A720D239EA006689FB /* descriptor_database.cc in Sources */,
				5440951820D238B2006689FB /* qrinput.c in Sources */,
				544095C620D239EA006689FB /* wire_format.cc in Sources */,
				544095D820D23D0B006689FB /* WXApiRequestHandler.m in Sources */,
				5440945920D2385E006689FB /* protocol.cpp in Sources */,
				544095AE20D239EA006689FB /* gzip_stream.cc in Sources */,
				5440951920D238B2006689FB /* qrspec.c in Sources */,
				544095AF20D239EA006689FB /* printer.cc in Sources */,
				46880B8A19C43A87006E1F66 /* HelloWorldScene.cpp in Sources */,
				544095B720D239EA006689FB /* reflection_ops.cc in Sources */,
				544095B220D239EA006689FB /* zero_copy_stream.cc in Sources */,
				5440947B20D23873006689FB /* TestWin.cpp in Sources */,
				544095D920D23D0B006689FB /* WXApiResponseHandler.m in Sources */,
				5440945620D2385E006689FB /* mahjong_msg.pb.cc in Sources */,
				5440945420D2385E006689FB /* byyhead.pb.cc in Sources */,
				544095C520D239EA006689FB /* unknown_field_set.cc in Sources */,
				544095BD20D239EA006689FB /* once.cc in Sources */,
				544095C320D239EA006689FB /* googletest.cc in Sources */,
				5440951A20D238B2006689FB /* rscode.c in Sources */,
				5440943F20D23855006689FB /* QRSprite.cpp in Sources */,
				544095BF20D239EA006689FB /* structurally_valid.cc in Sources */,
				544095B620D239EA006689FB /* message_lite.cc in Sources */,
				5440951720D238B2006689FB /* qrencode.c in Sources */,
				544095AD20D239EA006689FB /* coded_stream.cc in Sources */,
				544095B120D239EA006689FB /* tokenizer.cc in Sources */,
				544095C720D239EA006689FB /* wire_format_lite.cc in Sources */,
				544095AC20D239EA006689FB /* generated_message_util.cc in Sources */,
				5440945320D2385E006689FB /* Network.cc in Sources */,
				544095B820D239EA006689FB /* repeated_field.cc in Sources */,
				544095AB20D239EA006689FB /* generated_message_reflection.cc in Sources */,
				544095B920D239EA006689FB /* service.cc in Sources */,
				5440951B20D238B2006689FB /* split.c in Sources */,
				544095A820D239EA006689FB /* dynamic_message.cc in Sources */,
				544095BB20D239EA006689FB /* atomicops_internals_x86_msvc.cc in Sources */,
				544095D720D23D0B006689FB /* WXApiManager.m in Sources */,
				5440947C20D23873006689FB /* GF_RewardTip.cpp in Sources */,
				5440944020D23855006689FB /* WebSprite.cpp in Sources */,
			);
			runOnlyForDeploymentPostprocessing = 0;
		};
		5087E75617EB910900C73F5D /* Sources */ = {
			isa = PBXSourcesBuildPhase;
			buildActionMask = 2147483647;
			files = (
				46880B8919C43A87006E1F66 /* AppDelegate.cpp in Sources */,
				503AE10517EB98FF00D1A890 /* main.cpp in Sources */,
				46880B8B19C43A87006E1F66 /* HelloWorldScene.cpp in Sources */,
			);
			runOnlyForDeploymentPostprocessing = 0;
		};
/* End PBXSourcesBuildPhase section */

/* Begin PBXTargetDependency section */
		1AC6FB16180E9959004C840B /* PBXTargetDependency */ = {
			isa = PBXTargetDependency;
			name = "cocos2dx Mac";
			targetProxy = 1AC6FB15180E9959004C840B /* PBXContainerItemProxy */;
		};
		1AC6FB25180E99E1004C840B /* PBXTargetDependency */ = {
			isa = PBXTargetDependency;
			name = "cocos2dx iOS";
			targetProxy = 1AC6FB24180E99E1004C840B /* PBXContainerItemProxy */;
		};
/* End PBXTargetDependency section */

/* Begin XCBuildConfiguration section */
		1D6058940D05DD3E006BFB54 /* Debug */ = {
			isa = XCBuildConfiguration;
			buildSettings = {
				ALWAYS_SEARCH_USER_PATHS = YES;
				ASSETCATALOG_COMPILER_APPICON_NAME = AppIcon;
				CODE_SIGN_IDENTITY = "iPhone Developer";
				CODE_SIGN_STYLE = Manual;
				COMPRESS_PNG_FILES = NO;
				DEVELOPMENT_TEAM = 7Q8QQZ4ZZE;
				ENABLE_BITCODE = NO;
				GCC_DYNAMIC_NO_PIC = NO;
				GCC_INLINES_ARE_PRIVATE_EXTERN = NO;
				GCC_PRECOMPILE_PREFIX_HEADER = YES;
				GCC_PREFIX_HEADER = ios/Prefix.pch;
				GCC_PREPROCESSOR_DEFINITIONS = (
					USE_FILE32API,
					"COCOS2D_DEBUG=1",
					"CC_ENABLE_CHIPMUNK_INTEGRATION=1",
				);
				GCC_SYMBOLS_PRIVATE_EXTERN = NO;
				HEADER_SEARCH_PATHS = (
					"$(inherited)",
					"\"$(SRCROOT)/../Classes/ohters/protobuf-2.6.1\"",
					"\"$(SRCROOT)/../ThirdSDK/ios/WeChat\"",
				);
				INFOPLIST_FILE = ios/Info.plist;
				IPHONEOS_DEPLOYMENT_TARGET = 8.0;
				LIBRARY_SEARCH_PATHS = "\"$(SRCROOT)/../ThirdSDK/ios/WeChat\"";
				OTHER_LDFLAGS = (
					"$(_COCOS_LIB_IOS_BEGIN)",
					"$(_COCOS_LIB_IOS_END)",
				);
				PRODUCT_BUNDLE_IDENTIFIER = com.game.hlwrmjtest;
				PROVISIONING_PROFILE = "b6c65c83-7412-421a-a9a8-92ef885fc8dc";
				PROVISIONING_PROFILE_SPECIFIER = 7Q8QQZ4ZZE.com.game.hlwrmjtest_dev;
				SDKROOT = iphoneos;
				STRIP_PNG_TEXT = NO;
				TARGETED_DEVICE_FAMILY = "1,2";
				USER_HEADER_SEARCH_PATHS = "$(_COCOS_HEADER_IOS_BEGIN) $(_COCOS_HEADER_IOS_END)";
				VALID_ARCHS = "arm64 armv7";
			};
			name = Debug;
		};
		1D6058950D05DD3E006BFB54 /* Release */ = {
			isa = XCBuildConfiguration;
			buildSettings = {
				ALWAYS_SEARCH_USER_PATHS = YES;
				ASSETCATALOG_COMPILER_APPICON_NAME = AppIcon;
				CODE_SIGN_IDENTITY = "iPhone Developer";
				CODE_SIGN_STYLE = Manual;
				COMPRESS_PNG_FILES = NO;
				DEVELOPMENT_TEAM = 7Q8QQZ4ZZE;
				ENABLE_BITCODE = NO;
				GCC_INLINES_ARE_PRIVATE_EXTERN = NO;
				GCC_PRECOMPILE_PREFIX_HEADER = YES;
				GCC_PREFIX_HEADER = ios/Prefix.pch;
				GCC_PREPROCESSOR_DEFINITIONS = (
					USE_FILE32API,
					"CC_ENABLE_CHIPMUNK_INTEGRATION=1",
					NDEBUG,
				);
				GCC_SYMBOLS_PRIVATE_EXTERN = NO;
				HEADER_SEARCH_PATHS = (
					"$(inherited)",
					"\"$(SRCROOT)/../Classes/ohters/protobuf-2.6.1\"",
					"\"$(SRCROOT)/../ThirdSDK/ios/WeChat\"",
				);
				INFOPLIST_FILE = ios/Info.plist;
				IPHONEOS_DEPLOYMENT_TARGET = 8.0;
				LIBRARY_SEARCH_PATHS = "\"$(SRCROOT)/../ThirdSDK/ios/WeChat\"";
				OTHER_LDFLAGS = (
					"$(_COCOS_LIB_IOS_BEGIN)",
					"$(_COCOS_LIB_IOS_END)",
				);
				PRODUCT_BUNDLE_IDENTIFIER = com.game.hlwrmjtest;
				PROVISIONING_PROFILE = "b6c65c83-7412-421a-a9a8-92ef885fc8dc";
				PROVISIONING_PROFILE_SPECIFIER = 7Q8QQZ4ZZE.com.game.hlwrmjtest_dev;
				SDKROOT = iphoneos;
				STRIP_PNG_TEXT = NO;
				TARGETED_DEVICE_FAMILY = "1,2";
				USER_HEADER_SEARCH_PATHS = "$(_COCOS_HEADER_IOS_BEGIN) $(_COCOS_HEADER_IOS_END)";
				VALID_ARCHS = "arm64 armv7";
			};
			name = Release;
		};
		5087E76D17EB910900C73F5D /* Debug */ = {
			isa = XCBuildConfiguration;
			buildSettings = {
				ALWAYS_SEARCH_USER_PATHS = YES;
				ARCHS = "$(ARCHS_STANDARD_64_BIT)";
				CLANG_CXX_LANGUAGE_STANDARD = "c++0x";
				CLANG_CXX_LIBRARY = "libc++";
				GCC_DYNAMIC_NO_PIC = NO;
				GCC_INLINES_ARE_PRIVATE_EXTERN = NO;
				GCC_PRECOMPILE_PREFIX_HEADER = YES;
				GCC_PREFIX_HEADER = mac/Prefix.pch;
				GCC_PREPROCESSOR_DEFINITIONS = (
					USE_FILE32API,
					"COCOS2D_DEBUG=1",
					"CC_ENABLE_CHIPMUNK_INTEGRATION=1",
				);
				GCC_SYMBOLS_PRIVATE_EXTERN = NO;
				HEADER_SEARCH_PATHS = (
					"$(inherited)",
					"$(SRCROOT)/../cocos2d/external/glfw3/include/mac",
				);
				INFOPLIST_FILE = mac/Info.plist;
				LIBRARY_SEARCH_PATHS = "";
				OTHER_LDFLAGS = (
					"$(_COCOS_LIB_MAC_BEGIN)",
					"$(_COCOS_LIB_MAC_END)",
				);
				USER_HEADER_SEARCH_PATHS = "$(_COCOS_HEADER_MAC_BEGIN) $(_COCOS_HEADER_MAC_END)";
			};
			name = Debug;
		};
		5087E76E17EB910900C73F5D /* Release */ = {
			isa = XCBuildConfiguration;
			buildSettings = {
				ALWAYS_SEARCH_USER_PATHS = YES;
				ARCHS = "$(ARCHS_STANDARD_64_BIT)";
				CLANG_CXX_LANGUAGE_STANDARD = "c++0x";
				CLANG_CXX_LIBRARY = "libc++";
				GCC_INLINES_ARE_PRIVATE_EXTERN = NO;
				GCC_PRECOMPILE_PREFIX_HEADER = YES;
				GCC_PREFIX_HEADER = mac/Prefix.pch;
				GCC_PREPROCESSOR_DEFINITIONS = (
					USE_FILE32API,
					"CC_ENABLE_CHIPMUNK_INTEGRATION=1",
					NDEBUG,
				);
				GCC_SYMBOLS_PRIVATE_EXTERN = NO;
				HEADER_SEARCH_PATHS = (
					"$(inherited)",
					"$(SRCROOT)/../cocos2d/external/glfw3/include/mac",
				);
				INFOPLIST_FILE = mac/Info.plist;
				LIBRARY_SEARCH_PATHS = "";
				OTHER_LDFLAGS = (
					"$(_COCOS_LIB_MAC_BEGIN)",
					"$(_COCOS_LIB_MAC_END)",
				);
				USER_HEADER_SEARCH_PATHS = "$(_COCOS_HEADER_MAC_BEGIN) $(_COCOS_HEADER_MAC_END)";
			};
			name = Release;
		};
		C01FCF4F08A954540054247B /* Debug */ = {
			isa = XCBuildConfiguration;
			buildSettings = {
				CLANG_CXX_LANGUAGE_STANDARD = "c++0x";
				CLANG_CXX_LIBRARY = "libc++";
				COPY_PHASE_STRIP = NO;
				GCC_OPTIMIZATION_LEVEL = 0;
				GCC_WARN_ABOUT_RETURN_TYPE = YES;
				GCC_WARN_UNUSED_VARIABLE = YES;
				HEADER_SEARCH_PATHS = (
					"$(SRCROOT)/../cocos2d",
					"$(SRCROOT)/../cocos2d/cocos/audio/include",
					"$(SRCROOT)/../cocos2d/cocos",
					"$(SRCROOT)/../cocos2d/extensions",
					"$(SRCROOT)/../cocos2d/external",
					"$(SRCROOT)/../cocos2d/external/chipmunk/include/chipmunk",
					"$(SRCROOT)/../cocos2d/cocos/editor-support",
				);
				IPHONEOS_DEPLOYMENT_TARGET = 6.0;
				MACOSX_DEPLOYMENT_TARGET = 10.7;
				ONLY_ACTIVE_ARCH = YES;
				PRODUCT_NAME = "$(TARGET_NAME)";
				SDKROOT = macosx;
			};
			name = Debug;
		};
		C01FCF5008A954540054247B /* Release */ = {
			isa = XCBuildConfiguration;
			buildSettings = {
				CLANG_CXX_LANGUAGE_STANDARD = "c++0x";
				CLANG_CXX_LIBRARY = "libc++";
				GCC_WARN_ABOUT_RETURN_TYPE = YES;
				GCC_WARN_UNUSED_VARIABLE = YES;
				HEADER_SEARCH_PATHS = (
					"$(SRCROOT)/../cocos2d",
					"$(SRCROOT)/../cocos2d/cocos/audio/include",
					"$(SRCROOT)/../cocos2d/cocos",
					"$(SRCROOT)/../cocos2d/extensions",
					"$(SRCROOT)/../cocos2d/external",
					"$(SRCROOT)/../cocos2d/external/chipmunk/include/chipmunk",
					"$(SRCROOT)/../cocos2d/cocos/editor-support",
				);
				IPHONEOS_DEPLOYMENT_TARGET = 6.0;
				MACOSX_DEPLOYMENT_TARGET = 10.7;
				OTHER_CFLAGS = "-DNS_BLOCK_ASSERTIONS=1";
				PRODUCT_NAME = "$(TARGET_NAME)";
				SDKROOT = macosx;
				VALIDATE_PRODUCT = YES;
			};
			name = Release;
		};
/* End XCBuildConfiguration section */

/* Begin XCConfigurationList section */
		1D6058960D05DD3E006BFB54 /* Build configuration list for PBXNativeTarget "TestGame-mobile" */ = {
			isa = XCConfigurationList;
			buildConfigurations = (
				1D6058940D05DD3E006BFB54 /* Debug */,
				1D6058950D05DD3E006BFB54 /* Release */,
			);
			defaultConfigurationIsVisible = 0;
			defaultConfigurationName = Debug;
		};
		5087E76C17EB910900C73F5D /* Build configuration list for PBXNativeTarget "TestGame-desktop" */ = {
			isa = XCConfigurationList;
			buildConfigurations = (
				5087E76D17EB910900C73F5D /* Debug */,
				5087E76E17EB910900C73F5D /* Release */,
			);
			defaultConfigurationIsVisible = 0;
			defaultConfigurationName = Debug;
		};
		C01FCF4E08A954540054247B /* Build configuration list for PBXProject "TestGame" */ = {
			isa = XCConfigurationList;
			buildConfigurations = (
				C01FCF4F08A954540054247B /* Debug */,
				C01FCF5008A954540054247B /* Release */,
			);
			defaultConfigurationIsVisible = 0;
			defaultConfigurationName = Debug;
		};
/* End XCConfigurationList section */
	};
	rootObject = 29B97313FDCFA39411CA2CEA /* Project object */;
}
